// !$*UTF8*$!
{
	archiveVersion = 1;
	classes = {
	};
	objectVersion = 55;
	objects = {

/* Begin PBXBuildFile section */
		FF849E4D2718112900D4243D /* FootballGetApp.swift in Sources */ = {isa = PBXBuildFile; fileRef = FF849E4C2718112900D4243D /* FootballGetApp.swift */; };
		FF849E4F2718112900D4243D /* ContentView.swift in Sources */ = {isa = PBXBuildFile; fileRef = FF849E4E2718112900D4243D /* ContentView.swift */; };
		FF849E512718112F00D4243D /* Assets.xcassets in Resources */ = {isa = PBXBuildFile; fileRef = FF849E502718112F00D4243D /* Assets.xcassets */; };
		FF849E542718112F00D4243D /* Preview Assets.xcassets in Resources */ = {isa = PBXBuildFile; fileRef = FF849E532718112F00D4243D /* Preview Assets.xcassets */; };
		FF849E5E2718112F00D4243D /* FootballGetTests.swift in Sources */ = {isa = PBXBuildFile; fileRef = FF849E5D2718112F00D4243D /* FootballGetTests.swift */; };
		FF849E682718112F00D4243D /* FootballGetUITests.swift in Sources */ = {isa = PBXBuildFile; fileRef = FF849E672718112F00D4243D /* FootballGetUITests.swift */; };
		FF849E6A2718112F00D4243D /* FootballGetUITestsLaunchTests.swift in Sources */ = {isa = PBXBuildFile; fileRef = FF849E692718112F00D4243D /* FootballGetUITestsLaunchTests.swift */; };
		FF849E7D271811B000D4243D /* WidgetKit.framework in Frameworks */ = {isa = PBXBuildFile; fileRef = FF849E7C271811B000D4243D /* WidgetKit.framework */; };
		FF849E7F271811B000D4243D /* SwiftUI.framework in Frameworks */ = {isa = PBXBuildFile; fileRef = FF849E7E271811B000D4243D /* SwiftUI.framework */; };
		FF849E82271811B000D4243D /* FootballWidget.swift in Sources */ = {isa = PBXBuildFile; fileRef = FF849E81271811B000D4243D /* FootballWidget.swift */; };
		FF849E85271811B300D4243D /* Assets.xcassets in Resources */ = {isa = PBXBuildFile; fileRef = FF849E84271811B300D4243D /* Assets.xcassets */; };
		FF849E87271811B300D4243D /* FootballWidget.intentdefinition in Sources */ = {isa = PBXBuildFile; fileRef = FF849E83271811B000D4243D /* FootballWidget.intentdefinition */; };
		FF849E88271811B300D4243D /* FootballWidget.intentdefinition in Sources */ = {isa = PBXBuildFile; fileRef = FF849E83271811B000D4243D /* FootballWidget.intentdefinition */; };
		FF849E8B271811B300D4243D /* FootballWidgetExtension.appex in Embed App Extensions */ = {isa = PBXBuildFile; fileRef = FF849E7A271811AF00D4243D /* FootballWidgetExtension.appex */; settings = {ATTRIBUTES = (RemoveHeadersOnCopy, ); }; };
		FF849E922718144B00D4243D /* NetworkService.swift in Sources */ = {isa = PBXBuildFile; fileRef = FF849E912718144B00D4243D /* NetworkService.swift */; };
		FF849E952718151700D4243D /* NetworkRequest.swift in Sources */ = {isa = PBXBuildFile; fileRef = FF849E942718151700D4243D /* NetworkRequest.swift */; };
		FF849E972718153400D4243D /* NetworkTask.swift in Sources */ = {isa = PBXBuildFile; fileRef = FF849E962718153400D4243D /* NetworkTask.swift */; };
		FFB7801B2718643B0094211D /* NetworkError.swift in Sources */ = {isa = PBXBuildFile; fileRef = FFB7801A2718643B0094211D /* NetworkError.swift */; };
		FFB780202719323D0094211D /* Fixture.swift in Sources */ = {isa = PBXBuildFile; fileRef = FFB7801F2719323D0094211D /* Fixture.swift */; };
		FFB78022271932970094211D /* League.swift in Sources */ = {isa = PBXBuildFile; fileRef = FFB78021271932970094211D /* League.swift */; };
		FFB78024271932D80094211D /* Teams.swift in Sources */ = {isa = PBXBuildFile; fileRef = FFB78023271932D80094211D /* Teams.swift */; };
		FFB780262719366C0094211D /* NextMatchUpWidgetView.swift in Sources */ = {isa = PBXBuildFile; fileRef = FFB780252719366C0094211D /* NextMatchUpWidgetView.swift */; };
		FFB780292719386F0094211D /* NextMatchUpWidgetView.swift in Sources */ = {isa = PBXBuildFile; fileRef = FFB780252719366C0094211D /* NextMatchUpWidgetView.swift */; };
/* End PBXBuildFile section */

/* Begin PBXContainerItemProxy section */
		FF849E5A2718112F00D4243D /* PBXContainerItemProxy */ = {
			isa = PBXContainerItemProxy;
			containerPortal = FF849E412718112900D4243D /* Project object */;
			proxyType = 1;
			remoteGlobalIDString = FF849E482718112900D4243D;
			remoteInfo = FootballGet;
		};
		FF849E642718112F00D4243D /* PBXContainerItemProxy */ = {
			isa = PBXContainerItemProxy;
			containerPortal = FF849E412718112900D4243D /* Project object */;
			proxyType = 1;
			remoteGlobalIDString = FF849E482718112900D4243D;
			remoteInfo = FootballGet;
		};
		FF849E89271811B300D4243D /* PBXContainerItemProxy */ = {
			isa = PBXContainerItemProxy;
			containerPortal = FF849E412718112900D4243D /* Project object */;
			proxyType = 1;
			remoteGlobalIDString = FF849E79271811AF00D4243D;
			remoteInfo = FootballWidgetExtension;
		};
/* End PBXContainerItemProxy section */

/* Begin PBXCopyFilesBuildPhase section */
		FF849E8F271811B300D4243D /* Embed App Extensions */ = {
			isa = PBXCopyFilesBuildPhase;
			buildActionMask = 2147483647;
			dstPath = "";
			dstSubfolderSpec = 13;
			files = (
				FF849E8B271811B300D4243D /* FootballWidgetExtension.appex in Embed App Extensions */,
			);
			name = "Embed App Extensions";
			runOnlyForDeploymentPostprocessing = 0;
		};
/* End PBXCopyFilesBuildPhase section */

/* Begin PBXFileReference section */
		FF849E492718112900D4243D /* FootballGet.app */ = {isa = PBXFileReference; explicitFileType = wrapper.application; includeInIndex = 0; path = FootballGet.app; sourceTree = BUILT_PRODUCTS_DIR; };
		FF849E4C2718112900D4243D /* FootballGetApp.swift */ = {isa = PBXFileReference; lastKnownFileType = sourcecode.swift; path = FootballGetApp.swift; sourceTree = "<group>"; };
		FF849E4E2718112900D4243D /* ContentView.swift */ = {isa = PBXFileReference; lastKnownFileType = sourcecode.swift; path = ContentView.swift; sourceTree = "<group>"; };
		FF849E502718112F00D4243D /* Assets.xcassets */ = {isa = PBXFileReference; lastKnownFileType = folder.assetcatalog; path = Assets.xcassets; sourceTree = "<group>"; };
		FF849E532718112F00D4243D /* Preview Assets.xcassets */ = {isa = PBXFileReference; lastKnownFileType = folder.assetcatalog; path = "Preview Assets.xcassets"; sourceTree = "<group>"; };
		FF849E592718112F00D4243D /* FootballGetTests.xctest */ = {isa = PBXFileReference; explicitFileType = wrapper.cfbundle; includeInIndex = 0; path = FootballGetTests.xctest; sourceTree = BUILT_PRODUCTS_DIR; };
		FF849E5D2718112F00D4243D /* FootballGetTests.swift */ = {isa = PBXFileReference; lastKnownFileType = sourcecode.swift; path = FootballGetTests.swift; sourceTree = "<group>"; };
		FF849E632718112F00D4243D /* FootballGetUITests.xctest */ = {isa = PBXFileReference; explicitFileType = wrapper.cfbundle; includeInIndex = 0; path = FootballGetUITests.xctest; sourceTree = BUILT_PRODUCTS_DIR; };
		FF849E672718112F00D4243D /* FootballGetUITests.swift */ = {isa = PBXFileReference; lastKnownFileType = sourcecode.swift; path = FootballGetUITests.swift; sourceTree = "<group>"; };
		FF849E692718112F00D4243D /* FootballGetUITestsLaunchTests.swift */ = {isa = PBXFileReference; lastKnownFileType = sourcecode.swift; path = FootballGetUITestsLaunchTests.swift; sourceTree = "<group>"; };
		FF849E7A271811AF00D4243D /* FootballWidgetExtension.appex */ = {isa = PBXFileReference; explicitFileType = "wrapper.app-extension"; includeInIndex = 0; path = FootballWidgetExtension.appex; sourceTree = BUILT_PRODUCTS_DIR; };
		FF849E7C271811B000D4243D /* WidgetKit.framework */ = {isa = PBXFileReference; lastKnownFileType = wrapper.framework; name = WidgetKit.framework; path = System/Library/Frameworks/WidgetKit.framework; sourceTree = SDKROOT; };
		FF849E7E271811B000D4243D /* SwiftUI.framework */ = {isa = PBXFileReference; lastKnownFileType = wrapper.framework; name = SwiftUI.framework; path = System/Library/Frameworks/SwiftUI.framework; sourceTree = SDKROOT; };
		FF849E81271811B000D4243D /* FootballWidget.swift */ = {isa = PBXFileReference; lastKnownFileType = sourcecode.swift; path = FootballWidget.swift; sourceTree = "<group>"; };
		FF849E83271811B000D4243D /* FootballWidget.intentdefinition */ = {isa = PBXFileReference; lastKnownFileType = file.intentdefinition; path = FootballWidget.intentdefinition; sourceTree = "<group>"; };
		FF849E84271811B300D4243D /* Assets.xcassets */ = {isa = PBXFileReference; lastKnownFileType = folder.assetcatalog; path = Assets.xcassets; sourceTree = "<group>"; };
		FF849E86271811B300D4243D /* Info.plist */ = {isa = PBXFileReference; lastKnownFileType = text.plist.xml; path = Info.plist; sourceTree = "<group>"; };
		FF849E912718144B00D4243D /* NetworkService.swift */ = {isa = PBXFileReference; lastKnownFileType = sourcecode.swift; path = NetworkService.swift; sourceTree = "<group>"; };
		FF849E942718151700D4243D /* NetworkRequest.swift */ = {isa = PBXFileReference; lastKnownFileType = sourcecode.swift; path = NetworkRequest.swift; sourceTree = "<group>"; };
		FF849E962718153400D4243D /* NetworkTask.swift */ = {isa = PBXFileReference; lastKnownFileType = sourcecode.swift; path = NetworkTask.swift; sourceTree = "<group>"; };
		FFB7801A2718643B0094211D /* NetworkError.swift */ = {isa = PBXFileReference; lastKnownFileType = sourcecode.swift; path = NetworkError.swift; sourceTree = "<group>"; };
		FFB7801F2719323D0094211D /* Fixture.swift */ = {isa = PBXFileReference; lastKnownFileType = sourcecode.swift; path = Fixture.swift; sourceTree = "<group>"; };
		FFB78021271932970094211D /* League.swift */ = {isa = PBXFileReference; lastKnownFileType = sourcecode.swift; path = League.swift; sourceTree = "<group>"; };
		FFB78023271932D80094211D /* Teams.swift */ = {isa = PBXFileReference; lastKnownFileType = sourcecode.swift; path = Teams.swift; sourceTree = "<group>"; };
		FFB780252719366C0094211D /* NextMatchUpWidgetView.swift */ = {isa = PBXFileReference; lastKnownFileType = sourcecode.swift; path = NextMatchUpWidgetView.swift; sourceTree = "<group>"; };
/* End PBXFileReference section */

/* Begin PBXFrameworksBuildPhase section */
		FF849E462718112900D4243D /* Frameworks */ = {
			isa = PBXFrameworksBuildPhase;
			buildActionMask = 2147483647;
			files = (
			);
			runOnlyForDeploymentPostprocessing = 0;
		};
		FF849E562718112F00D4243D /* Frameworks */ = {
			isa = PBXFrameworksBuildPhase;
			buildActionMask = 2147483647;
			files = (
			);
			runOnlyForDeploymentPostprocessing = 0;
		};
		FF849E602718112F00D4243D /* Frameworks */ = {
			isa = PBXFrameworksBuildPhase;
			buildActionMask = 2147483647;
			files = (
			);
			runOnlyForDeploymentPostprocessing = 0;
		};
		FF849E77271811AF00D4243D /* Frameworks */ = {
			isa = PBXFrameworksBuildPhase;
			buildActionMask = 2147483647;
			files = (
				FF849E7F271811B000D4243D /* SwiftUI.framework in Frameworks */,
				FF849E7D271811B000D4243D /* WidgetKit.framework in Frameworks */,
			);
			runOnlyForDeploymentPostprocessing = 0;
		};
/* End PBXFrameworksBuildPhase section */

/* Begin PBXGroup section */
		FF849E402718112900D4243D = {
			isa = PBXGroup;
			children = (
				FF849E4B2718112900D4243D /* FootballGet */,
				FF849E5C2718112F00D4243D /* FootballGetTests */,
				FF849E662718112F00D4243D /* FootballGetUITests */,
				FF849E80271811B000D4243D /* FootballWidget */,
				FF849E7B271811B000D4243D /* Frameworks */,
				FF849E4A2718112900D4243D /* Products */,
			);
			sourceTree = "<group>";
		};
		FF849E4A2718112900D4243D /* Products */ = {
			isa = PBXGroup;
			children = (
				FF849E492718112900D4243D /* FootballGet.app */,
				FF849E592718112F00D4243D /* FootballGetTests.xctest */,
				FF849E632718112F00D4243D /* FootballGetUITests.xctest */,
				FF849E7A271811AF00D4243D /* FootballWidgetExtension.appex */,
			);
			name = Products;
			sourceTree = "<group>";
		};
		FF849E4B2718112900D4243D /* FootballGet */ = {
			isa = PBXGroup;
			children = (
				FF849E4C2718112900D4243D /* FootballGetApp.swift */,
				FF849E4E2718112900D4243D /* ContentView.swift */,
				FF849E502718112F00D4243D /* Assets.xcassets */,
				FF849E522718112F00D4243D /* Preview Content */,
			);
			path = FootballGet;
			sourceTree = "<group>";
		};
		FF849E522718112F00D4243D /* Preview Content */ = {
			isa = PBXGroup;
			children = (
				FF849E532718112F00D4243D /* Preview Assets.xcassets */,
			);
			path = "Preview Content";
			sourceTree = "<group>";
		};
		FF849E5C2718112F00D4243D /* FootballGetTests */ = {
			isa = PBXGroup;
			children = (
				FF849E5D2718112F00D4243D /* FootballGetTests.swift */,
			);
			path = FootballGetTests;
			sourceTree = "<group>";
		};
		FF849E662718112F00D4243D /* FootballGetUITests */ = {
			isa = PBXGroup;
			children = (
				FF849E672718112F00D4243D /* FootballGetUITests.swift */,
				FF849E692718112F00D4243D /* FootballGetUITestsLaunchTests.swift */,
			);
			path = FootballGetUITests;
			sourceTree = "<group>";
		};
		FF849E7B271811B000D4243D /* Frameworks */ = {
			isa = PBXGroup;
			children = (
				FF849E7C271811B000D4243D /* WidgetKit.framework */,
				FF849E7E271811B000D4243D /* SwiftUI.framework */,
			);
			name = Frameworks;
			sourceTree = "<group>";
		};
		FF849E80271811B000D4243D /* FootballWidget */ = {
			isa = PBXGroup;
			children = (
				FF849E81271811B000D4243D /* FootballWidget.swift */,
				FFB78027271936710094211D /* View */,
				FFB7801E271932310094211D /* Model */,
				FF849E932718150A00D4243D /* Network */,
				FF849E83271811B000D4243D /* FootballWidget.intentdefinition */,
				FF849E84271811B300D4243D /* Assets.xcassets */,
				FF849E86271811B300D4243D /* Info.plist */,
			);
			path = FootballWidget;
			sourceTree = "<group>";
		};
		FF849E932718150A00D4243D /* Network */ = {
			isa = PBXGroup;
			children = (
				FF849E912718144B00D4243D /* NetworkService.swift */,
				FF849E942718151700D4243D /* NetworkRequest.swift */,
				FF849E962718153400D4243D /* NetworkTask.swift */,
				FFB7801A2718643B0094211D /* NetworkError.swift */,
			);
			path = Network;
			sourceTree = "<group>";
		};
		FFB7801E271932310094211D /* Model */ = {
			isa = PBXGroup;
			children = (
				FFB7801F2719323D0094211D /* Fixture.swift */,
				FFB78021271932970094211D /* League.swift */,
				FFB78023271932D80094211D /* Teams.swift */,
			);
			path = Model;
			sourceTree = "<group>";
		};
		FFB78027271936710094211D /* View */ = {
			isa = PBXGroup;
			children = (
				FFB780252719366C0094211D /* NextMatchUpWidgetView.swift */,
			);
			path = View;
			sourceTree = "<group>";
		};
/* End PBXGroup section */

/* Begin PBXNativeTarget section */
		FF849E482718112900D4243D /* FootballGet */ = {
			isa = PBXNativeTarget;
			buildConfigurationList = FF849E6D2718112F00D4243D /* Build configuration list for PBXNativeTarget "FootballGet" */;
			buildPhases = (
				FF849E452718112900D4243D /* Sources */,
				FF849E462718112900D4243D /* Frameworks */,
				FF849E472718112900D4243D /* Resources */,
				FF849E8F271811B300D4243D /* Embed App Extensions */,
			);
			buildRules = (
			);
			dependencies = (
				FF849E8A271811B300D4243D /* PBXTargetDependency */,
			);
			name = FootballGet;
			productName = FootballGet;
			productReference = FF849E492718112900D4243D /* FootballGet.app */;
			productType = "com.apple.product-type.application";
		};
		FF849E582718112F00D4243D /* FootballGetTests */ = {
			isa = PBXNativeTarget;
			buildConfigurationList = FF849E702718112F00D4243D /* Build configuration list for PBXNativeTarget "FootballGetTests" */;
			buildPhases = (
				FF849E552718112F00D4243D /* Sources */,
				FF849E562718112F00D4243D /* Frameworks */,
				FF849E572718112F00D4243D /* Resources */,
			);
			buildRules = (
			);
			dependencies = (
				FF849E5B2718112F00D4243D /* PBXTargetDependency */,
			);
			name = FootballGetTests;
			productName = FootballGetTests;
			productReference = FF849E592718112F00D4243D /* FootballGetTests.xctest */;
			productType = "com.apple.product-type.bundle.unit-test";
		};
		FF849E622718112F00D4243D /* FootballGetUITests */ = {
			isa = PBXNativeTarget;
			buildConfigurationList = FF849E732718112F00D4243D /* Build configuration list for PBXNativeTarget "FootballGetUITests" */;
			buildPhases = (
				FF849E5F2718112F00D4243D /* Sources */,
				FF849E602718112F00D4243D /* Frameworks */,
				FF849E612718112F00D4243D /* Resources */,
			);
			buildRules = (
			);
			dependencies = (
				FF849E652718112F00D4243D /* PBXTargetDependency */,
			);
			name = FootballGetUITests;
			productName = FootballGetUITests;
			productReference = FF849E632718112F00D4243D /* FootballGetUITests.xctest */;
			productType = "com.apple.product-type.bundle.ui-testing";
		};
		FF849E79271811AF00D4243D /* FootballWidgetExtension */ = {
			isa = PBXNativeTarget;
			buildConfigurationList = FF849E8C271811B300D4243D /* Build configuration list for PBXNativeTarget "FootballWidgetExtension" */;
			buildPhases = (
				FF849E76271811AF00D4243D /* Sources */,
				FF849E77271811AF00D4243D /* Frameworks */,
				FF849E78271811AF00D4243D /* Resources */,
			);
			buildRules = (
			);
			dependencies = (
			);
			name = FootballWidgetExtension;
			productName = FootballWidgetExtension;
			productReference = FF849E7A271811AF00D4243D /* FootballWidgetExtension.appex */;
			productType = "com.apple.product-type.app-extension";
		};
/* End PBXNativeTarget section */

/* Begin PBXProject section */
		FF849E412718112900D4243D /* Project object */ = {
			isa = PBXProject;
			attributes = {
				BuildIndependentTargetsInParallel = 1;
				LastSwiftUpdateCheck = 1300;
				LastUpgradeCheck = 1300;
				TargetAttributes = {
					FF849E482718112900D4243D = {
						CreatedOnToolsVersion = 13.0;
					};
					FF849E582718112F00D4243D = {
						CreatedOnToolsVersion = 13.0;
						TestTargetID = FF849E482718112900D4243D;
					};
					FF849E622718112F00D4243D = {
						CreatedOnToolsVersion = 13.0;
						TestTargetID = FF849E482718112900D4243D;
					};
					FF849E79271811AF00D4243D = {
						CreatedOnToolsVersion = 13.0;
					};
				};
			};
			buildConfigurationList = FF849E442718112900D4243D /* Build configuration list for PBXProject "FootballGet" */;
			compatibilityVersion = "Xcode 13.0";
			developmentRegion = en;
			hasScannedForEncodings = 0;
			knownRegions = (
				en,
				Base,
			);
			mainGroup = FF849E402718112900D4243D;
			productRefGroup = FF849E4A2718112900D4243D /* Products */;
			projectDirPath = "";
			projectRoot = "";
			targets = (
				FF849E482718112900D4243D /* FootballGet */,
				FF849E582718112F00D4243D /* FootballGetTests */,
				FF849E622718112F00D4243D /* FootballGetUITests */,
				FF849E79271811AF00D4243D /* FootballWidgetExtension */,
			);
		};
/* End PBXProject section */

/* Begin PBXResourcesBuildPhase section */
		FF849E472718112900D4243D /* Resources */ = {
			isa = PBXResourcesBuildPhase;
			buildActionMask = 2147483647;
			files = (
				FF849E542718112F00D4243D /* Preview Assets.xcassets in Resources */,
				FF849E512718112F00D4243D /* Assets.xcassets in Resources */,
			);
			runOnlyForDeploymentPostprocessing = 0;
		};
		FF849E572718112F00D4243D /* Resources */ = {
			isa = PBXResourcesBuildPhase;
			buildActionMask = 2147483647;
			files = (
			);
			runOnlyForDeploymentPostprocessing = 0;
		};
		FF849E612718112F00D4243D /* Resources */ = {
			isa = PBXResourcesBuildPhase;
			buildActionMask = 2147483647;
			files = (
			);
			runOnlyForDeploymentPostprocessing = 0;
		};
		FF849E78271811AF00D4243D /* Resources */ = {
			isa = PBXResourcesBuildPhase;
			buildActionMask = 2147483647;
			files = (
				FF849E85271811B300D4243D /* Assets.xcassets in Resources */,
			);
			runOnlyForDeploymentPostprocessing = 0;
		};
/* End PBXResourcesBuildPhase section */

/* Begin PBXSourcesBuildPhase section */
		FF849E452718112900D4243D /* Sources */ = {
			isa = PBXSourcesBuildPhase;
			buildActionMask = 2147483647;
			files = (
				FF849E4F2718112900D4243D /* ContentView.swift in Sources */,
				FFB78022271932970094211D /* League.swift in Sources */,
				FFB780262719366C0094211D /* NextMatchUpWidgetView.swift in Sources */,
				FFB7801B2718643B0094211D /* NetworkError.swift in Sources */,
				FF849E972718153400D4243D /* NetworkTask.swift in Sources */,
				FF849E88271811B300D4243D /* FootballWidget.intentdefinition in Sources */,
				FF849E952718151700D4243D /* NetworkRequest.swift in Sources */,
				FFB78024271932D80094211D /* Teams.swift in Sources */,
				FF849E922718144B00D4243D /* NetworkService.swift in Sources */,
				FF849E4D2718112900D4243D /* FootballGetApp.swift in Sources */,
				FFB780202719323D0094211D /* Fixture.swift in Sources */,
			);
			runOnlyForDeploymentPostprocessing = 0;
		};
		FF849E552718112F00D4243D /* Sources */ = {
			isa = PBXSourcesBuildPhase;
			buildActionMask = 2147483647;
			files = (
				FF849E5E2718112F00D4243D /* FootballGetTests.swift in Sources */,
			);
			runOnlyForDeploymentPostprocessing = 0;
		};
		FF849E5F2718112F00D4243D /* Sources */ = {
			isa = PBXSourcesBuildPhase;
			buildActionMask = 2147483647;
			files = (
				FF849E6A2718112F00D4243D /* FootballGetUITestsLaunchTests.swift in Sources */,
				FF849E682718112F00D4243D /* FootballGetUITests.swift in Sources */,
			);
			runOnlyForDeploymentPostprocessing = 0;
		};
		FF849E76271811AF00D4243D /* Sources */ = {
			isa = PBXSourcesBuildPhase;
			buildActionMask = 2147483647;
			files = (
				FF849E82271811B000D4243D /* FootballWidget.swift in Sources */,
				FFB780292719386F0094211D /* NextMatchUpWidgetView.swift in Sources */,
				FF849E87271811B300D4243D /* FootballWidget.intentdefinition in Sources */,
			);
			runOnlyForDeploymentPostprocessing = 0;
		};
/* End PBXSourcesBuildPhase section */

/* Begin PBXTargetDependency section */
		FF849E5B2718112F00D4243D /* PBXTargetDependency */ = {
			isa = PBXTargetDependency;
			target = FF849E482718112900D4243D /* FootballGet */;
			targetProxy = FF849E5A2718112F00D4243D /* PBXContainerItemProxy */;
		};
		FF849E652718112F00D4243D /* PBXTargetDependency */ = {
			isa = PBXTargetDependency;
			target = FF849E482718112900D4243D /* FootballGet */;
			targetProxy = FF849E642718112F00D4243D /* PBXContainerItemProxy */;
		};
		FF849E8A271811B300D4243D /* PBXTargetDependency */ = {
			isa = PBXTargetDependency;
			target = FF849E79271811AF00D4243D /* FootballWidgetExtension */;
			targetProxy = FF849E89271811B300D4243D /* PBXContainerItemProxy */;
		};
/* End PBXTargetDependency section */

/* Begin XCBuildConfiguration section */
		FF849E6B2718112F00D4243D /* Debug */ = {
			isa = XCBuildConfiguration;
			buildSettings = {
				ALWAYS_SEARCH_USER_PATHS = NO;
				CLANG_ANALYZER_NONNULL = YES;
				CLANG_ANALYZER_NUMBER_OBJECT_CONVERSION = YES_AGGRESSIVE;
				CLANG_CXX_LANGUAGE_STANDARD = "gnu++17";
				CLANG_CXX_LIBRARY = "libc++";
				CLANG_ENABLE_MODULES = YES;
				CLANG_ENABLE_OBJC_ARC = YES;
				CLANG_ENABLE_OBJC_WEAK = YES;
				CLANG_WARN_BLOCK_CAPTURE_AUTORELEASING = YES;
				CLANG_WARN_BOOL_CONVERSION = YES;
				CLANG_WARN_COMMA = YES;
				CLANG_WARN_CONSTANT_CONVERSION = YES;
				CLANG_WARN_DEPRECATED_OBJC_IMPLEMENTATIONS = YES;
				CLANG_WARN_DIRECT_OBJC_ISA_USAGE = YES_ERROR;
				CLANG_WARN_DOCUMENTATION_COMMENTS = YES;
				CLANG_WARN_EMPTY_BODY = YES;
				CLANG_WARN_ENUM_CONVERSION = YES;
				CLANG_WARN_INFINITE_RECURSION = YES;
				CLANG_WARN_INT_CONVERSION = YES;
				CLANG_WARN_NON_LITERAL_NULL_CONVERSION = YES;
				CLANG_WARN_OBJC_IMPLICIT_RETAIN_SELF = YES;
				CLANG_WARN_OBJC_LITERAL_CONVERSION = YES;
				CLANG_WARN_OBJC_ROOT_CLASS = YES_ERROR;
				CLANG_WARN_QUOTED_INCLUDE_IN_FRAMEWORK_HEADER = YES;
				CLANG_WARN_RANGE_LOOP_ANALYSIS = YES;
				CLANG_WARN_STRICT_PROTOTYPES = YES;
				CLANG_WARN_SUSPICIOUS_MOVE = YES;
				CLANG_WARN_UNGUARDED_AVAILABILITY = YES_AGGRESSIVE;
				CLANG_WARN_UNREACHABLE_CODE = YES;
				CLANG_WARN__DUPLICATE_METHOD_MATCH = YES;
				COPY_PHASE_STRIP = NO;
				DEBUG_INFORMATION_FORMAT = dwarf;
				ENABLE_STRICT_OBJC_MSGSEND = YES;
				ENABLE_TESTABILITY = YES;
				GCC_C_LANGUAGE_STANDARD = gnu11;
				GCC_DYNAMIC_NO_PIC = NO;
				GCC_NO_COMMON_BLOCKS = YES;
				GCC_OPTIMIZATION_LEVEL = 0;
				GCC_PREPROCESSOR_DEFINITIONS = (
					"DEBUG=1",
					"$(inherited)",
				);
				GCC_WARN_64_TO_32_BIT_CONVERSION = YES;
				GCC_WARN_ABOUT_RETURN_TYPE = YES_ERROR;
				GCC_WARN_UNDECLARED_SELECTOR = YES;
				GCC_WARN_UNINITIALIZED_AUTOS = YES_AGGRESSIVE;
				GCC_WARN_UNUSED_FUNCTION = YES;
				GCC_WARN_UNUSED_VARIABLE = YES;
				IPHONEOS_DEPLOYMENT_TARGET = 15.0;
				MTL_ENABLE_DEBUG_INFO = INCLUDE_SOURCE;
				MTL_FAST_MATH = YES;
				ONLY_ACTIVE_ARCH = YES;
				SDKROOT = iphoneos;
				SWIFT_ACTIVE_COMPILATION_CONDITIONS = DEBUG;
				SWIFT_OPTIMIZATION_LEVEL = "-Onone";
			};
			name = Debug;
		};
		FF849E6C2718112F00D4243D /* Release */ = {
			isa = XCBuildConfiguration;
			buildSettings = {
				ALWAYS_SEARCH_USER_PATHS = NO;
				CLANG_ANALYZER_NONNULL = YES;
				CLANG_ANALYZER_NUMBER_OBJECT_CONVERSION = YES_AGGRESSIVE;
				CLANG_CXX_LANGUAGE_STANDARD = "gnu++17";
				CLANG_CXX_LIBRARY = "libc++";
				CLANG_ENABLE_MODULES = YES;
				CLANG_ENABLE_OBJC_ARC = YES;
				CLANG_ENABLE_OBJC_WEAK = YES;
				CLANG_WARN_BLOCK_CAPTURE_AUTORELEASING = YES;
				CLANG_WARN_BOOL_CONVERSION = YES;
				CLANG_WARN_COMMA = YES;
				CLANG_WARN_CONSTANT_CONVERSION = YES;
				CLANG_WARN_DEPRECATED_OBJC_IMPLEMENTATIONS = YES;
				CLANG_WARN_DIRECT_OBJC_ISA_USAGE = YES_ERROR;
				CLANG_WARN_DOCUMENTATION_COMMENTS = YES;
				CLANG_WARN_EMPTY_BODY = YES;
				CLANG_WARN_ENUM_CONVERSION = YES;
				CLANG_WARN_INFINITE_RECURSION = YES;
				CLANG_WARN_INT_CONVERSION = YES;
				CLANG_WARN_NON_LITERAL_NULL_CONVERSION = YES;
				CLANG_WARN_OBJC_IMPLICIT_RETAIN_SELF = YES;
				CLANG_WARN_OBJC_LITERAL_CONVERSION = YES;
				CLANG_WARN_OBJC_ROOT_CLASS = YES_ERROR;
				CLANG_WARN_QUOTED_INCLUDE_IN_FRAMEWORK_HEADER = YES;
				CLANG_WARN_RANGE_LOOP_ANALYSIS = YES;
				CLANG_WARN_STRICT_PROTOTYPES = YES;
				CLANG_WARN_SUSPICIOUS_MOVE = YES;
				CLANG_WARN_UNGUARDED_AVAILABILITY = YES_AGGRESSIVE;
				CLANG_WARN_UNREACHABLE_CODE = YES;
				CLANG_WARN__DUPLICATE_METHOD_MATCH = YES;
				COPY_PHASE_STRIP = NO;
				DEBUG_INFORMATION_FORMAT = "dwarf-with-dsym";
				ENABLE_NS_ASSERTIONS = NO;
				ENABLE_STRICT_OBJC_MSGSEND = YES;
				GCC_C_LANGUAGE_STANDARD = gnu11;
				GCC_NO_COMMON_BLOCKS = YES;
				GCC_WARN_64_TO_32_BIT_CONVERSION = YES;
				GCC_WARN_ABOUT_RETURN_TYPE = YES_ERROR;
				GCC_WARN_UNDECLARED_SELECTOR = YES;
				GCC_WARN_UNINITIALIZED_AUTOS = YES_AGGRESSIVE;
				GCC_WARN_UNUSED_FUNCTION = YES;
				GCC_WARN_UNUSED_VARIABLE = YES;
				IPHONEOS_DEPLOYMENT_TARGET = 15.0;
				MTL_ENABLE_DEBUG_INFO = NO;
				MTL_FAST_MATH = YES;
				SDKROOT = iphoneos;
				SWIFT_COMPILATION_MODE = wholemodule;
				SWIFT_OPTIMIZATION_LEVEL = "-O";
				VALIDATE_PRODUCT = YES;
			};
			name = Release;
		};
		FF849E6E2718112F00D4243D /* Debug */ = {
			isa = XCBuildConfiguration;
			buildSettings = {
				ALWAYS_EMBED_SWIFT_STANDARD_LIBRARIES = YES;
				ASSETCATALOG_COMPILER_APPICON_NAME = AppIcon;
				ASSETCATALOG_COMPILER_GLOBAL_ACCENT_COLOR_NAME = AccentColor;
				CODE_SIGN_STYLE = Automatic;
				CURRENT_PROJECT_VERSION = 1;
				DEVELOPMENT_ASSET_PATHS = "\"FootballGet/Preview Content\"";
				DEVELOPMENT_TEAM = HB2J52X7V7;
				ENABLE_PREVIEWS = YES;
				GENERATE_INFOPLIST_FILE = YES;
				INFOPLIST_KEY_UIApplicationSceneManifest_Generation = YES;
				INFOPLIST_KEY_UIApplicationSupportsIndirectInputEvents = YES;
				INFOPLIST_KEY_UILaunchScreen_Generation = YES;
				INFOPLIST_KEY_UISupportedInterfaceOrientations_iPad = "UIInterfaceOrientationPortrait UIInterfaceOrientationPortraitUpsideDown UIInterfaceOrientationLandscapeLeft UIInterfaceOrientationLandscapeRight";
				INFOPLIST_KEY_UISupportedInterfaceOrientations_iPhone = "UIInterfaceOrientationPortrait UIInterfaceOrientationLandscapeLeft UIInterfaceOrientationLandscapeRight";
				IPHONEOS_DEPLOYMENT_TARGET = 14.0;
				LD_RUNPATH_SEARCH_PATHS = (
					"$(inherited)",
					"@executable_path/Frameworks",
				);
				MARKETING_VERSION = 1.0;
				PRODUCT_BUNDLE_IDENTIFIER = Dumba.FootballGet;
				PRODUCT_NAME = "$(TARGET_NAME)";
				SWIFT_EMIT_LOC_STRINGS = YES;
				SWIFT_VERSION = 5.0;
				TARGETED_DEVICE_FAMILY = "1,2";
			};
			name = Debug;
		};
		FF849E6F2718112F00D4243D /* Release */ = {
			isa = XCBuildConfiguration;
			buildSettings = {
				ALWAYS_EMBED_SWIFT_STANDARD_LIBRARIES = YES;
				ASSETCATALOG_COMPILER_APPICON_NAME = AppIcon;
				ASSETCATALOG_COMPILER_GLOBAL_ACCENT_COLOR_NAME = AccentColor;
				CODE_SIGN_STYLE = Automatic;
				CURRENT_PROJECT_VERSION = 1;
				DEVELOPMENT_ASSET_PATHS = "\"FootballGet/Preview Content\"";
				DEVELOPMENT_TEAM = HB2J52X7V7;
				ENABLE_PREVIEWS = YES;
				GENERATE_INFOPLIST_FILE = YES;
				INFOPLIST_KEY_UIApplicationSceneManifest_Generation = YES;
				INFOPLIST_KEY_UIApplicationSupportsIndirectInputEvents = YES;
				INFOPLIST_KEY_UILaunchScreen_Generation = YES;
				INFOPLIST_KEY_UISupportedInterfaceOrientations_iPad = "UIInterfaceOrientationPortrait UIInterfaceOrientationPortraitUpsideDown UIInterfaceOrientationLandscapeLeft UIInterfaceOrientationLandscapeRight";
				INFOPLIST_KEY_UISupportedInterfaceOrientations_iPhone = "UIInterfaceOrientationPortrait UIInterfaceOrientationLandscapeLeft UIInterfaceOrientationLandscapeRight";
				IPHONEOS_DEPLOYMENT_TARGET = 14.0;
				LD_RUNPATH_SEARCH_PATHS = (
					"$(inherited)",
					"@executable_path/Frameworks",
				);
				MARKETING_VERSION = 1.0;
				PRODUCT_BUNDLE_IDENTIFIER = Dumba.FootballGet;
				PRODUCT_NAME = "$(TARGET_NAME)";
				SWIFT_EMIT_LOC_STRINGS = YES;
				SWIFT_VERSION = 5.0;
				TARGETED_DEVICE_FAMILY = "1,2";
			};
			name = Release;
		};
		FF849E712718112F00D4243D /* Debug */ = {
			isa = XCBuildConfiguration;
			buildSettings = {
				ALWAYS_EMBED_SWIFT_STANDARD_LIBRARIES = YES;
				BUNDLE_LOADER = "$(TEST_HOST)";
				CODE_SIGN_STYLE = Automatic;
				CURRENT_PROJECT_VERSION = 1;
				DEVELOPMENT_TEAM = HB2J52X7V7;
				GENERATE_INFOPLIST_FILE = YES;
				IPHONEOS_DEPLOYMENT_TARGET = 14.0;
				LD_RUNPATH_SEARCH_PATHS = (
					"$(inherited)",
					"@executable_path/Frameworks",
					"@loader_path/Frameworks",
				);
				MARKETING_VERSION = 1.0;
				PRODUCT_BUNDLE_IDENTIFIER = Dumba.FootballGetTests;
				PRODUCT_NAME = "$(TARGET_NAME)";
				SWIFT_EMIT_LOC_STRINGS = NO;
				SWIFT_VERSION = 5.0;
				TARGETED_DEVICE_FAMILY = "1,2";
				TEST_HOST = "$(BUILT_PRODUCTS_DIR)/FootballGet.app/FootballGet";
			};
			name = Debug;
		};
		FF849E722718112F00D4243D /* Release */ = {
			isa = XCBuildConfiguration;
			buildSettings = {
				ALWAYS_EMBED_SWIFT_STANDARD_LIBRARIES = YES;
				BUNDLE_LOADER = "$(TEST_HOST)";
				CODE_SIGN_STYLE = Automatic;
				CURRENT_PROJECT_VERSION = 1;
				DEVELOPMENT_TEAM = HB2J52X7V7;
				GENERATE_INFOPLIST_FILE = YES;
				IPHONEOS_DEPLOYMENT_TARGET = 14.0;
				LD_RUNPATH_SEARCH_PATHS = (
					"$(inherited)",
					"@executable_path/Frameworks",
					"@loader_path/Frameworks",
				);
				MARKETING_VERSION = 1.0;
				PRODUCT_BUNDLE_IDENTIFIER = Dumba.FootballGetTests;
				PRODUCT_NAME = "$(TARGET_NAME)";
				SWIFT_EMIT_LOC_STRINGS = NO;
				SWIFT_VERSION = 5.0;
				TARGETED_DEVICE_FAMILY = "1,2";
				TEST_HOST = "$(BUILT_PRODUCTS_DIR)/FootballGet.app/FootballGet";
			};
			name = Release;
		};
		FF849E742718112F00D4243D /* Debug */ = {
			isa = XCBuildConfiguration;
			buildSettings = {
				ALWAYS_EMBED_SWIFT_STANDARD_LIBRARIES = YES;
				CODE_SIGN_STYLE = Automatic;
				CURRENT_PROJECT_VERSION = 1;
				DEVELOPMENT_TEAM = HB2J52X7V7;
				GENERATE_INFOPLIST_FILE = YES;
				LD_RUNPATH_SEARCH_PATHS = (
					"$(inherited)",
					"@executable_path/Frameworks",
					"@loader_path/Frameworks",
				);
				MARKETING_VERSION = 1.0;
				PRODUCT_BUNDLE_IDENTIFIER = Dumba.FootballGetUITests;
				PRODUCT_NAME = "$(TARGET_NAME)";
				SWIFT_EMIT_LOC_STRINGS = NO;
				SWIFT_VERSION = 5.0;
				TARGETED_DEVICE_FAMILY = "1,2";
				TEST_TARGET_NAME = FootballGet;
			};
			name = Debug;
		};
		FF849E752718112F00D4243D /* Release */ = {
			isa = XCBuildConfiguration;
			buildSettings = {
				ALWAYS_EMBED_SWIFT_STANDARD_LIBRARIES = YES;
				CODE_SIGN_STYLE = Automatic;
				CURRENT_PROJECT_VERSION = 1;
				DEVELOPMENT_TEAM = HB2J52X7V7;
				GENERATE_INFOPLIST_FILE = YES;
				LD_RUNPATH_SEARCH_PATHS = (
					"$(inherited)",
					"@executable_path/Frameworks",
					"@loader_path/Frameworks",
				);
				MARKETING_VERSION = 1.0;
				PRODUCT_BUNDLE_IDENTIFIER = Dumba.FootballGetUITests;
				PRODUCT_NAME = "$(TARGET_NAME)";
				SWIFT_EMIT_LOC_STRINGS = NO;
				SWIFT_VERSION = 5.0;
				TARGETED_DEVICE_FAMILY = "1,2";
				TEST_TARGET_NAME = FootballGet;
			};
			name = Release;
		};
		FF849E8D271811B300D4243D /* Debug */ = {
			isa = XCBuildConfiguration;
			buildSettings = {
				ASSETCATALOG_COMPILER_GLOBAL_ACCENT_COLOR_NAME = AccentColor;
				ASSETCATALOG_COMPILER_WIDGET_BACKGROUND_COLOR_NAME = WidgetBackground;
				CODE_SIGN_STYLE = Automatic;
				CURRENT_PROJECT_VERSION = 1;
				DEVELOPMENT_TEAM = HB2J52X7V7;
				GENERATE_INFOPLIST_FILE = YES;
				INFOPLIST_FILE = FootballWidget/Info.plist;
				INFOPLIST_KEY_CFBundleDisplayName = FootballWidget;
				INFOPLIST_KEY_NSHumanReadableCopyright = "";
				LD_RUNPATH_SEARCH_PATHS = (
					"$(inherited)",
					"@executable_path/Frameworks",
					"@executable_path/../../Frameworks",
				);
				MARKETING_VERSION = 1.0;
				PRODUCT_BUNDLE_IDENTIFIER = Dumba.FootballGet.FootballWidget;
				PRODUCT_NAME = "$(TARGET_NAME)";
				SKIP_INSTALL = YES;
				SWIFT_EMIT_LOC_STRINGS = YES;
				SWIFT_VERSION = 5.0;
				TARGETED_DEVICE_FAMILY = "1,2";
			};
			name = Debug;
		};
		FF849E8E271811B300D4243D /* Release */ = {
			isa = XCBuildConfiguration;
			buildSettings = {
				ASSETCATALOG_COMPILER_GLOBAL_ACCENT_COLOR_NAME = AccentColor;
				ASSETCATALOG_COMPILER_WIDGET_BACKGROUND_COLOR_NAME = WidgetBackground;
				CODE_SIGN_STYLE = Automatic;
				CURRENT_PROJECT_VERSION = 1;
				DEVELOPMENT_TEAM = HB2J52X7V7;
				GENERATE_INFOPLIST_FILE = YES;
				INFOPLIST_FILE = FootballWidget/Info.plist;
				INFOPLIST_KEY_CFBundleDisplayName = FootballWidget;
				INFOPLIST_KEY_NSHumanReadableCopyright = "";
				LD_RUNPATH_SEARCH_PATHS = (
					"$(inherited)",
					"@executable_path/Frameworks",
					"@executable_path/../../Frameworks",
				);
				MARKETING_VERSION = 1.0;
				PRODUCT_BUNDLE_IDENTIFIER = Dumba.FootballGet.FootballWidget;
				PRODUCT_NAME = "$(TARGET_NAME)";
				SKIP_INSTALL = YES;
				SWIFT_EMIT_LOC_STRINGS = YES;
				SWIFT_VERSION = 5.0;
				TARGETED_DEVICE_FAMILY = "1,2";
			};
			name = Release;
		};
/* End XCBuildConfiguration section */

/* Begin XCConfigurationList section */
		FF849E442718112900D4243D /* Build configuration list for PBXProject "FootballGet" */ = {
			isa = XCConfigurationList;
			buildConfigurations = (
				FF849E6B2718112F00D4243D /* Debug */,
				FF849E6C2718112F00D4243D /* Release */,
			);
			defaultConfigurationIsVisible = 0;
			defaultConfigurationName = Release;
		};
		FF849E6D2718112F00D4243D /* Build configuration list for PBXNativeTarget "FootballGet" */ = {
			isa = XCConfigurationList;
			buildConfigurations = (
				FF849E6E2718112F00D4243D /* Debug */,
				FF849E6F2718112F00D4243D /* Release */,
			);
			defaultConfigurationIsVisible = 0;
			defaultConfigurationName = Release;
		};
		FF849E702718112F00D4243D /* Build configuration list for PBXNativeTarget "FootballGetTests" */ = {
			isa = XCConfigurationList;
			buildConfigurations = (
				FF849E712718112F00D4243D /* Debug */,
				FF849E722718112F00D4243D /* Release */,
			);
			defaultConfigurationIsVisible = 0;
			defaultConfigurationName = Release;
		};
		FF849E732718112F00D4243D /* Build configuration list for PBXNativeTarget "FootballGetUITests" */ = {
			isa = XCConfigurationList;
			buildConfigurations = (
				FF849E742718112F00D4243D /* Debug */,
				FF849E752718112F00D4243D /* Release */,
			);
			defaultConfigurationIsVisible = 0;
			defaultConfigurationName = Release;
		};
		FF849E8C271811B300D4243D /* Build configuration list for PBXNativeTarget "FootballWidgetExtension" */ = {
			isa = XCConfigurationList;
			buildConfigurations = (
				FF849E8D271811B300D4243D /* Debug */,
				FF849E8E271811B300D4243D /* Release */,
			);
			defaultConfigurationIsVisible = 0;
			defaultConfigurationName = Release;
		};
/* End XCConfigurationList section */
	};
	rootObject = FF849E412718112900D4243D /* Project object */;
}
