// !$*UTF8*$!
{
	archiveVersion = 1;
	classes = {
	};
	objectVersion = 55;
	objects = {

/* Begin PBXBuildFile section */
		FF79881A271D17E200EAA693 /* NextMatchUpEntry.swift in Sources */ = {isa = PBXBuildFile; fileRef = FF798819271D17E200EAA693 /* NextMatchUpEntry.swift */; };
		FF79881C271D17EC00EAA693 /* NextMatchUpProvider.swift in Sources */ = {isa = PBXBuildFile; fileRef = FF79881B271D17EC00EAA693 /* NextMatchUpProvider.swift */; };
		FF79881E271D185E00EAA693 /* NextMatchUpData.swift in Sources */ = {isa = PBXBuildFile; fileRef = FF79881D271D185E00EAA693 /* NextMatchUpData.swift */; };
		FF798824271D2B5C00EAA693 /* ClubListTask.swift in Sources */ = {isa = PBXBuildFile; fileRef = FF798823271D2B5C00EAA693 /* ClubListTask.swift */; };
		FF798826271D2B6800EAA693 /* NextMatchUpTask.swift in Sources */ = {isa = PBXBuildFile; fileRef = FF798825271D2B6800EAA693 /* NextMatchUpTask.swift */; };
		FF798829271D2BBE00EAA693 /* NextMatchUpRequest.swift in Sources */ = {isa = PBXBuildFile; fileRef = FF798828271D2BBE00EAA693 /* NextMatchUpRequest.swift */; };
		FF79882B271D2BC500EAA693 /* ClubListRequest.swift in Sources */ = {isa = PBXBuildFile; fileRef = FF79882A271D2BC500EAA693 /* ClubListRequest.swift */; };
		FF79882D271D2BF000EAA693 /* Leagues.swift in Sources */ = {isa = PBXBuildFile; fileRef = FF79882C271D2BF000EAA693 /* Leagues.swift */; };
		FF798835271D356D00EAA693 /* Intents.framework in Frameworks */ = {isa = PBXBuildFile; fileRef = FF798834271D356D00EAA693 /* Intents.framework */; };
		FF798838271D356D00EAA693 /* IntentHandler.swift in Sources */ = {isa = PBXBuildFile; fileRef = FF798837271D356D00EAA693 /* IntentHandler.swift */; };
		FF798840271D356D00EAA693 /* IntentsUI.framework in Frameworks */ = {isa = PBXBuildFile; fileRef = FF79883F271D356D00EAA693 /* IntentsUI.framework */; };
		FF798843271D356D00EAA693 /* IntentViewController.swift in Sources */ = {isa = PBXBuildFile; fileRef = FF798842271D356D00EAA693 /* IntentViewController.swift */; };
		FF798846271D356D00EAA693 /* MainInterface.storyboard in Resources */ = {isa = PBXBuildFile; fileRef = FF798844271D356D00EAA693 /* MainInterface.storyboard */; };
		FF79884A271D356D00EAA693 /* FootballWidgetIntentExtensionUI.appex in Embed App Extensions */ = {isa = PBXBuildFile; fileRef = FF79883E271D356D00EAA693 /* FootballWidgetIntentExtensionUI.appex */; settings = {ATTRIBUTES = (RemoveHeadersOnCopy, ); }; };
		FF79884D271D356D00EAA693 /* FootballWidgetIntentExtension.appex in Embed App Extensions */ = {isa = PBXBuildFile; fileRef = FF798833271D356D00EAA693 /* FootballWidgetIntentExtension.appex */; settings = {ATTRIBUTES = (RemoveHeadersOnCopy, ); }; };
		FF798854271D358700EAA693 /* FootballWidget.intentdefinition in Sources */ = {isa = PBXBuildFile; fileRef = FF849E83271811B000D4243D /* FootballWidget.intentdefinition */; };
		FF798857271D35C400EAA693 /* Utils.swift in Sources */ = {isa = PBXBuildFile; fileRef = FF798856271D35C400EAA693 /* Utils.swift */; };
		FF798858271D365400EAA693 /* ClubListTask.swift in Sources */ = {isa = PBXBuildFile; fileRef = FF798823271D2B5C00EAA693 /* ClubListTask.swift */; };
		FF798859271D365500EAA693 /* ClubListTask.swift in Sources */ = {isa = PBXBuildFile; fileRef = FF798823271D2B5C00EAA693 /* ClubListTask.swift */; };
		FF79885A271D365800EAA693 /* NextMatchUpTask.swift in Sources */ = {isa = PBXBuildFile; fileRef = FF798825271D2B6800EAA693 /* NextMatchUpTask.swift */; };
		FF79885B271D365800EAA693 /* NextMatchUpTask.swift in Sources */ = {isa = PBXBuildFile; fileRef = FF798825271D2B6800EAA693 /* NextMatchUpTask.swift */; };
		FF79885C271D365B00EAA693 /* NetworkTask.swift in Sources */ = {isa = PBXBuildFile; fileRef = FF849E962718153400D4243D /* NetworkTask.swift */; };
		FF79885D271D365B00EAA693 /* NetworkTask.swift in Sources */ = {isa = PBXBuildFile; fileRef = FF849E962718153400D4243D /* NetworkTask.swift */; };
		FF79885E271D366200EAA693 /* NetworkRequest.swift in Sources */ = {isa = PBXBuildFile; fileRef = FF849E942718151700D4243D /* NetworkRequest.swift */; };
		FF79885F271D366200EAA693 /* NetworkRequest.swift in Sources */ = {isa = PBXBuildFile; fileRef = FF849E942718151700D4243D /* NetworkRequest.swift */; };
		FF798860271D366600EAA693 /* NextMatchUpRequest.swift in Sources */ = {isa = PBXBuildFile; fileRef = FF798828271D2BBE00EAA693 /* NextMatchUpRequest.swift */; };
		FF798861271D366700EAA693 /* NextMatchUpRequest.swift in Sources */ = {isa = PBXBuildFile; fileRef = FF798828271D2BBE00EAA693 /* NextMatchUpRequest.swift */; };
		FF798862271D366900EAA693 /* ClubListRequest.swift in Sources */ = {isa = PBXBuildFile; fileRef = FF79882A271D2BC500EAA693 /* ClubListRequest.swift */; };
		FF798863271D366A00EAA693 /* ClubListRequest.swift in Sources */ = {isa = PBXBuildFile; fileRef = FF79882A271D2BC500EAA693 /* ClubListRequest.swift */; };
		FF798864271D367B00EAA693 /* NetworkService.swift in Sources */ = {isa = PBXBuildFile; fileRef = FF849E912718144B00D4243D /* NetworkService.swift */; };
		FF798865271D367C00EAA693 /* NetworkService.swift in Sources */ = {isa = PBXBuildFile; fileRef = FF849E912718144B00D4243D /* NetworkService.swift */; };
		FF798866271D369000EAA693 /* NetworkError.swift in Sources */ = {isa = PBXBuildFile; fileRef = FFB7801A2718643B0094211D /* NetworkError.swift */; };
		FF798867271D369000EAA693 /* NetworkError.swift in Sources */ = {isa = PBXBuildFile; fileRef = FFB7801A2718643B0094211D /* NetworkError.swift */; };
		FF798868271D36A500EAA693 /* NextMatchUpData.swift in Sources */ = {isa = PBXBuildFile; fileRef = FF79881D271D185E00EAA693 /* NextMatchUpData.swift */; };
		FF798869271D36A500EAA693 /* Leagues.swift in Sources */ = {isa = PBXBuildFile; fileRef = FF79882C271D2BF000EAA693 /* Leagues.swift */; };
		FF79886A271D36A500EAA693 /* Fixture.swift in Sources */ = {isa = PBXBuildFile; fileRef = FFB7801F2719323D0094211D /* Fixture.swift */; };
		FF79886B271D36A500EAA693 /* Teams.swift in Sources */ = {isa = PBXBuildFile; fileRef = FFB78023271932D80094211D /* Teams.swift */; };
		FF79886C271D36A500EAA693 /* League.swift in Sources */ = {isa = PBXBuildFile; fileRef = FFB78021271932970094211D /* League.swift */; };
		FF798872271D36F000EAA693 /* Teams.swift in Sources */ = {isa = PBXBuildFile; fileRef = FFB78023271932D80094211D /* Teams.swift */; };
		FF798873271D36F200EAA693 /* League.swift in Sources */ = {isa = PBXBuildFile; fileRef = FFB78021271932970094211D /* League.swift */; };
		FF798875271D36F600EAA693 /* Fixture.swift in Sources */ = {isa = PBXBuildFile; fileRef = FFB7801F2719323D0094211D /* Fixture.swift */; };
		FF798876271D36F800EAA693 /* Leagues.swift in Sources */ = {isa = PBXBuildFile; fileRef = FF79882C271D2BF000EAA693 /* Leagues.swift */; };
		FF798877271D36FB00EAA693 /* NextMatchUpData.swift in Sources */ = {isa = PBXBuildFile; fileRef = FF79881D271D185E00EAA693 /* NextMatchUpData.swift */; };
		FF798878271D397800EAA693 /* Utils.swift in Sources */ = {isa = PBXBuildFile; fileRef = FF798856271D35C400EAA693 /* Utils.swift */; };
		FF798879271D397800EAA693 /* Utils.swift in Sources */ = {isa = PBXBuildFile; fileRef = FF798856271D35C400EAA693 /* Utils.swift */; };
		FF849E4D2718112900D4243D /* FootballGetApp.swift in Sources */ = {isa = PBXBuildFile; fileRef = FF849E4C2718112900D4243D /* FootballGetApp.swift */; };
		FF849E4F2718112900D4243D /* ContentView.swift in Sources */ = {isa = PBXBuildFile; fileRef = FF849E4E2718112900D4243D /* ContentView.swift */; };
		FF849E512718112F00D4243D /* Assets.xcassets in Resources */ = {isa = PBXBuildFile; fileRef = FF849E502718112F00D4243D /* Assets.xcassets */; };
		FF849E542718112F00D4243D /* Preview Assets.xcassets in Resources */ = {isa = PBXBuildFile; fileRef = FF849E532718112F00D4243D /* Preview Assets.xcassets */; };
		FF849E5E2718112F00D4243D /* FootballGetTests.swift in Sources */ = {isa = PBXBuildFile; fileRef = FF849E5D2718112F00D4243D /* FootballGetTests.swift */; };
		FF849E682718112F00D4243D /* FootballGetUITests.swift in Sources */ = {isa = PBXBuildFile; fileRef = FF849E672718112F00D4243D /* FootballGetUITests.swift */; };
		FF849E6A2718112F00D4243D /* FootballGetUITestsLaunchTests.swift in Sources */ = {isa = PBXBuildFile; fileRef = FF849E692718112F00D4243D /* FootballGetUITestsLaunchTests.swift */; };
		FF849E7D271811B000D4243D /* WidgetKit.framework in Frameworks */ = {isa = PBXBuildFile; fileRef = FF849E7C271811B000D4243D /* WidgetKit.framework */; };
		FF849E7F271811B000D4243D /* SwiftUI.framework in Frameworks */ = {isa = PBXBuildFile; fileRef = FF849E7E271811B000D4243D /* SwiftUI.framework */; };
		FF849E82271811B000D4243D /* FootballWidget.swift in Sources */ = {isa = PBXBuildFile; fileRef = FF849E81271811B000D4243D /* FootballWidget.swift */; };
		FF849E85271811B300D4243D /* Assets.xcassets in Resources */ = {isa = PBXBuildFile; fileRef = FF849E84271811B300D4243D /* Assets.xcassets */; };
		FF849E87271811B300D4243D /* FootballWidget.intentdefinition in Sources */ = {isa = PBXBuildFile; fileRef = FF849E83271811B000D4243D /* FootballWidget.intentdefinition */; };
		FF849E88271811B300D4243D /* FootballWidget.intentdefinition in Sources */ = {isa = PBXBuildFile; fileRef = FF849E83271811B000D4243D /* FootballWidget.intentdefinition */; };
		FF849E8B271811B300D4243D /* FootballWidgetExtension.appex in Embed App Extensions */ = {isa = PBXBuildFile; fileRef = FF849E7A271811AF00D4243D /* FootballWidgetExtension.appex */; settings = {ATTRIBUTES = (RemoveHeadersOnCopy, ); }; };
		FF849E922718144B00D4243D /* NetworkService.swift in Sources */ = {isa = PBXBuildFile; fileRef = FF849E912718144B00D4243D /* NetworkService.swift */; };
		FF849E952718151700D4243D /* NetworkRequest.swift in Sources */ = {isa = PBXBuildFile; fileRef = FF849E942718151700D4243D /* NetworkRequest.swift */; };
		FF849E972718153400D4243D /* NetworkTask.swift in Sources */ = {isa = PBXBuildFile; fileRef = FF849E962718153400D4243D /* NetworkTask.swift */; };
		FFB7801B2718643B0094211D /* NetworkError.swift in Sources */ = {isa = PBXBuildFile; fileRef = FFB7801A2718643B0094211D /* NetworkError.swift */; };
		FFB780202719323D0094211D /* Fixture.swift in Sources */ = {isa = PBXBuildFile; fileRef = FFB7801F2719323D0094211D /* Fixture.swift */; };
		FFB78022271932970094211D /* League.swift in Sources */ = {isa = PBXBuildFile; fileRef = FFB78021271932970094211D /* League.swift */; };
		FFB78024271932D80094211D /* Teams.swift in Sources */ = {isa = PBXBuildFile; fileRef = FFB78023271932D80094211D /* Teams.swift */; };
		FFB780262719366C0094211D /* NextMatchUpWidgetView.swift in Sources */ = {isa = PBXBuildFile; fileRef = FFB780252719366C0094211D /* NextMatchUpWidgetView.swift */; };
		FFB780292719386F0094211D /* NextMatchUpWidgetView.swift in Sources */ = {isa = PBXBuildFile; fileRef = FFB780252719366C0094211D /* NextMatchUpWidgetView.swift */; };
		FFC9120F271D4DBD0078A44B /* NextMatchUpProvider.swift in Sources */ = {isa = PBXBuildFile; fileRef = FF79881B271D17EC00EAA693 /* NextMatchUpProvider.swift */; };
		FFC91210271D4DCF0078A44B /* NextMatchUpEntry.swift in Sources */ = {isa = PBXBuildFile; fileRef = FF798819271D17E200EAA693 /* NextMatchUpEntry.swift */; };
/* End PBXBuildFile section */

/* Begin PBXContainerItemProxy section */
		FF798848271D356D00EAA693 /* PBXContainerItemProxy */ = {
			isa = PBXContainerItemProxy;
			containerPortal = FF849E412718112900D4243D /* Project object */;
			proxyType = 1;
			remoteGlobalIDString = FF79883D271D356D00EAA693;
			remoteInfo = FootballWidgetIntentExtensionUI;
		};
		FF79884B271D356D00EAA693 /* PBXContainerItemProxy */ = {
			isa = PBXContainerItemProxy;
			containerPortal = FF849E412718112900D4243D /* Project object */;
			proxyType = 1;
			remoteGlobalIDString = FF798832271D356D00EAA693;
			remoteInfo = FootballWidgetIntentExtension;
		};
		FF849E5A2718112F00D4243D /* PBXContainerItemProxy */ = {
			isa = PBXContainerItemProxy;
			containerPortal = FF849E412718112900D4243D /* Project object */;
			proxyType = 1;
			remoteGlobalIDString = FF849E482718112900D4243D;
			remoteInfo = FootballGet;
		};
		FF849E642718112F00D4243D /* PBXContainerItemProxy */ = {
			isa = PBXContainerItemProxy;
			containerPortal = FF849E412718112900D4243D /* Project object */;
			proxyType = 1;
			remoteGlobalIDString = FF849E482718112900D4243D;
			remoteInfo = FootballGet;
		};
		FF849E89271811B300D4243D /* PBXContainerItemProxy */ = {
			isa = PBXContainerItemProxy;
			containerPortal = FF849E412718112900D4243D /* Project object */;
			proxyType = 1;
			remoteGlobalIDString = FF849E79271811AF00D4243D;
			remoteInfo = FootballWidgetExtension;
		};
/* End PBXContainerItemProxy section */

/* Begin PBXCopyFilesBuildPhase section */
		FF849E8F271811B300D4243D /* Embed App Extensions */ = {
			isa = PBXCopyFilesBuildPhase;
			buildActionMask = 2147483647;
			dstPath = "";
			dstSubfolderSpec = 13;
			files = (
				FF849E8B271811B300D4243D /* FootballWidgetExtension.appex in Embed App Extensions */,
				FF79884D271D356D00EAA693 /* FootballWidgetIntentExtension.appex in Embed App Extensions */,
				FF79884A271D356D00EAA693 /* FootballWidgetIntentExtensionUI.appex in Embed App Extensions */,
			);
			name = "Embed App Extensions";
			runOnlyForDeploymentPostprocessing = 0;
		};
/* End PBXCopyFilesBuildPhase section */

/* Begin PBXFileReference section */
		FF798819271D17E200EAA693 /* NextMatchUpEntry.swift */ = {isa = PBXFileReference; lastKnownFileType = sourcecode.swift; path = NextMatchUpEntry.swift; sourceTree = "<group>"; };
		FF79881B271D17EC00EAA693 /* NextMatchUpProvider.swift */ = {isa = PBXFileReference; lastKnownFileType = sourcecode.swift; path = NextMatchUpProvider.swift; sourceTree = "<group>"; };
		FF79881D271D185E00EAA693 /* NextMatchUpData.swift */ = {isa = PBXFileReference; lastKnownFileType = sourcecode.swift; path = NextMatchUpData.swift; sourceTree = "<group>"; };
		FF798821271D1AB000EAA693 /* Info.plist */ = {isa = PBXFileReference; lastKnownFileType = text.plist; path = Info.plist; sourceTree = "<group>"; };
		FF798823271D2B5C00EAA693 /* ClubListTask.swift */ = {isa = PBXFileReference; lastKnownFileType = sourcecode.swift; path = ClubListTask.swift; sourceTree = "<group>"; };
		FF798825271D2B6800EAA693 /* NextMatchUpTask.swift */ = {isa = PBXFileReference; lastKnownFileType = sourcecode.swift; path = NextMatchUpTask.swift; sourceTree = "<group>"; };
		FF798828271D2BBE00EAA693 /* NextMatchUpRequest.swift */ = {isa = PBXFileReference; lastKnownFileType = sourcecode.swift; path = NextMatchUpRequest.swift; sourceTree = "<group>"; };
		FF79882A271D2BC500EAA693 /* ClubListRequest.swift */ = {isa = PBXFileReference; lastKnownFileType = sourcecode.swift; path = ClubListRequest.swift; sourceTree = "<group>"; };
		FF79882C271D2BF000EAA693 /* Leagues.swift */ = {isa = PBXFileReference; lastKnownFileType = sourcecode.swift; path = Leagues.swift; sourceTree = "<group>"; };
		FF798833271D356D00EAA693 /* FootballWidgetIntentExtension.appex */ = {isa = PBXFileReference; explicitFileType = "wrapper.app-extension"; includeInIndex = 0; path = FootballWidgetIntentExtension.appex; sourceTree = BUILT_PRODUCTS_DIR; };
		FF798834271D356D00EAA693 /* Intents.framework */ = {isa = PBXFileReference; lastKnownFileType = wrapper.framework; name = Intents.framework; path = System/Library/Frameworks/Intents.framework; sourceTree = SDKROOT; };
		FF798837271D356D00EAA693 /* IntentHandler.swift */ = {isa = PBXFileReference; lastKnownFileType = sourcecode.swift; path = IntentHandler.swift; sourceTree = "<group>"; };
		FF798839271D356D00EAA693 /* Info.plist */ = {isa = PBXFileReference; lastKnownFileType = text.plist.xml; path = Info.plist; sourceTree = "<group>"; };
		FF79883E271D356D00EAA693 /* FootballWidgetIntentExtensionUI.appex */ = {isa = PBXFileReference; explicitFileType = "wrapper.app-extension"; includeInIndex = 0; path = FootballWidgetIntentExtensionUI.appex; sourceTree = BUILT_PRODUCTS_DIR; };
		FF79883F271D356D00EAA693 /* IntentsUI.framework */ = {isa = PBXFileReference; lastKnownFileType = wrapper.framework; name = IntentsUI.framework; path = System/Library/Frameworks/IntentsUI.framework; sourceTree = SDKROOT; };
		FF798842271D356D00EAA693 /* IntentViewController.swift */ = {isa = PBXFileReference; lastKnownFileType = sourcecode.swift; path = IntentViewController.swift; sourceTree = "<group>"; };
		FF798845271D356D00EAA693 /* Base */ = {isa = PBXFileReference; lastKnownFileType = file.storyboard; name = Base; path = Base.lproj/MainInterface.storyboard; sourceTree = "<group>"; };
		FF798847271D356D00EAA693 /* Info.plist */ = {isa = PBXFileReference; lastKnownFileType = text.plist.xml; path = Info.plist; sourceTree = "<group>"; };
		FF798856271D35C400EAA693 /* Utils.swift */ = {isa = PBXFileReference; lastKnownFileType = sourcecode.swift; path = Utils.swift; sourceTree = "<group>"; };
		FF849E492718112900D4243D /* FootballGet.app */ = {isa = PBXFileReference; explicitFileType = wrapper.application; includeInIndex = 0; path = FootballGet.app; sourceTree = BUILT_PRODUCTS_DIR; };
		FF849E4C2718112900D4243D /* FootballGetApp.swift */ = {isa = PBXFileReference; lastKnownFileType = sourcecode.swift; path = FootballGetApp.swift; sourceTree = "<group>"; };
		FF849E4E2718112900D4243D /* ContentView.swift */ = {isa = PBXFileReference; lastKnownFileType = sourcecode.swift; path = ContentView.swift; sourceTree = "<group>"; };
		FF849E502718112F00D4243D /* Assets.xcassets */ = {isa = PBXFileReference; lastKnownFileType = folder.assetcatalog; path = Assets.xcassets; sourceTree = "<group>"; };
		FF849E532718112F00D4243D /* Preview Assets.xcassets */ = {isa = PBXFileReference; lastKnownFileType = folder.assetcatalog; path = "Preview Assets.xcassets"; sourceTree = "<group>"; };
		FF849E592718112F00D4243D /* FootballGetTests.xctest */ = {isa = PBXFileReference; explicitFileType = wrapper.cfbundle; includeInIndex = 0; path = FootballGetTests.xctest; sourceTree = BUILT_PRODUCTS_DIR; };
		FF849E5D2718112F00D4243D /* FootballGetTests.swift */ = {isa = PBXFileReference; lastKnownFileType = sourcecode.swift; path = FootballGetTests.swift; sourceTree = "<group>"; };
		FF849E632718112F00D4243D /* FootballGetUITests.xctest */ = {isa = PBXFileReference; explicitFileType = wrapper.cfbundle; includeInIndex = 0; path = FootballGetUITests.xctest; sourceTree = BUILT_PRODUCTS_DIR; };
		FF849E672718112F00D4243D /* FootballGetUITests.swift */ = {isa = PBXFileReference; lastKnownFileType = sourcecode.swift; path = FootballGetUITests.swift; sourceTree = "<group>"; };
		FF849E692718112F00D4243D /* FootballGetUITestsLaunchTests.swift */ = {isa = PBXFileReference; lastKnownFileType = sourcecode.swift; path = FootballGetUITestsLaunchTests.swift; sourceTree = "<group>"; };
		FF849E7A271811AF00D4243D /* FootballWidgetExtension.appex */ = {isa = PBXFileReference; explicitFileType = "wrapper.app-extension"; includeInIndex = 0; path = FootballWidgetExtension.appex; sourceTree = BUILT_PRODUCTS_DIR; };
		FF849E7C271811B000D4243D /* WidgetKit.framework */ = {isa = PBXFileReference; lastKnownFileType = wrapper.framework; name = WidgetKit.framework; path = System/Library/Frameworks/WidgetKit.framework; sourceTree = SDKROOT; };
		FF849E7E271811B000D4243D /* SwiftUI.framework */ = {isa = PBXFileReference; lastKnownFileType = wrapper.framework; name = SwiftUI.framework; path = System/Library/Frameworks/SwiftUI.framework; sourceTree = SDKROOT; };
		FF849E81271811B000D4243D /* FootballWidget.swift */ = {isa = PBXFileReference; lastKnownFileType = sourcecode.swift; path = FootballWidget.swift; sourceTree = "<group>"; };
		FF849E83271811B000D4243D /* FootballWidget.intentdefinition */ = {isa = PBXFileReference; lastKnownFileType = file.intentdefinition; path = FootballWidget.intentdefinition; sourceTree = "<group>"; };
		FF849E84271811B300D4243D /* Assets.xcassets */ = {isa = PBXFileReference; lastKnownFileType = folder.assetcatalog; path = Assets.xcassets; sourceTree = "<group>"; };
		FF849E86271811B300D4243D /* Info.plist */ = {isa = PBXFileReference; lastKnownFileType = text.plist.xml; path = Info.plist; sourceTree = "<group>"; };
		FF849E912718144B00D4243D /* NetworkService.swift */ = {isa = PBXFileReference; lastKnownFileType = sourcecode.swift; path = NetworkService.swift; sourceTree = "<group>"; };
		FF849E942718151700D4243D /* NetworkRequest.swift */ = {isa = PBXFileReference; lastKnownFileType = sourcecode.swift; path = NetworkRequest.swift; sourceTree = "<group>"; };
		FF849E962718153400D4243D /* NetworkTask.swift */ = {isa = PBXFileReference; lastKnownFileType = sourcecode.swift; path = NetworkTask.swift; sourceTree = "<group>"; };
		FFB7801A2718643B0094211D /* NetworkError.swift */ = {isa = PBXFileReference; lastKnownFileType = sourcecode.swift; path = NetworkError.swift; sourceTree = "<group>"; };
		FFB7801F2719323D0094211D /* Fixture.swift */ = {isa = PBXFileReference; lastKnownFileType = sourcecode.swift; path = Fixture.swift; sourceTree = "<group>"; };
		FFB78021271932970094211D /* League.swift */ = {isa = PBXFileReference; lastKnownFileType = sourcecode.swift; path = League.swift; sourceTree = "<group>"; };
		FFB78023271932D80094211D /* Teams.swift */ = {isa = PBXFileReference; lastKnownFileType = sourcecode.swift; path = Teams.swift; sourceTree = "<group>"; };
		FFB780252719366C0094211D /* NextMatchUpWidgetView.swift */ = {isa = PBXFileReference; lastKnownFileType = sourcecode.swift; path = NextMatchUpWidgetView.swift; sourceTree = "<group>"; };
/* End PBXFileReference section */

/* Begin PBXFrameworksBuildPhase section */
		FF798830271D356D00EAA693 /* Frameworks */ = {
			isa = PBXFrameworksBuildPhase;
			buildActionMask = 2147483647;
			files = (
				FF798835271D356D00EAA693 /* Intents.framework in Frameworks */,
			);
			runOnlyForDeploymentPostprocessing = 0;
		};
		FF79883B271D356D00EAA693 /* Frameworks */ = {
			isa = PBXFrameworksBuildPhase;
			buildActionMask = 2147483647;
			files = (
				FF798840271D356D00EAA693 /* IntentsUI.framework in Frameworks */,
			);
			runOnlyForDeploymentPostprocessing = 0;
		};
		FF849E462718112900D4243D /* Frameworks */ = {
			isa = PBXFrameworksBuildPhase;
			buildActionMask = 2147483647;
			files = (
			);
			runOnlyForDeploymentPostprocessing = 0;
		};
		FF849E562718112F00D4243D /* Frameworks */ = {
			isa = PBXFrameworksBuildPhase;
			buildActionMask = 2147483647;
			files = (
			);
			runOnlyForDeploymentPostprocessing = 0;
		};
		FF849E602718112F00D4243D /* Frameworks */ = {
			isa = PBXFrameworksBuildPhase;
			buildActionMask = 2147483647;
			files = (
			);
			runOnlyForDeploymentPostprocessing = 0;
		};
		FF849E77271811AF00D4243D /* Frameworks */ = {
			isa = PBXFrameworksBuildPhase;
			buildActionMask = 2147483647;
			files = (
				FF849E7F271811B000D4243D /* SwiftUI.framework in Frameworks */,
				FF849E7D271811B000D4243D /* WidgetKit.framework in Frameworks */,
			);
			runOnlyForDeploymentPostprocessing = 0;
		};
/* End PBXFrameworksBuildPhase section */

/* Begin PBXGroup section */
		FF798818271D17BE00EAA693 /* Provider */ = {
			isa = PBXGroup;
			children = (
				FF798819271D17E200EAA693 /* NextMatchUpEntry.swift */,
				FF79881B271D17EC00EAA693 /* NextMatchUpProvider.swift */,
			);
			path = Provider;
			sourceTree = "<group>";
		};
		FF798822271D2B4D00EAA693 /* NetworkTask */ = {
			isa = PBXGroup;
			children = (
				FF849E962718153400D4243D /* NetworkTask.swift */,
				FF798825271D2B6800EAA693 /* NextMatchUpTask.swift */,
				FF798823271D2B5C00EAA693 /* ClubListTask.swift */,
			);
			path = NetworkTask;
			sourceTree = "<group>";
		};
		FF798827271D2BB000EAA693 /* NetworkRequest */ = {
			isa = PBXGroup;
			children = (
				FF849E942718151700D4243D /* NetworkRequest.swift */,
				FF798828271D2BBE00EAA693 /* NextMatchUpRequest.swift */,
				FF79882A271D2BC500EAA693 /* ClubListRequest.swift */,
			);
			path = NetworkRequest;
			sourceTree = "<group>";
		};
		FF798836271D356D00EAA693 /* FootballWidgetIntentExtension */ = {
			isa = PBXGroup;
			children = (
				FF798837271D356D00EAA693 /* IntentHandler.swift */,
				FF798839271D356D00EAA693 /* Info.plist */,
			);
			path = FootballWidgetIntentExtension;
			sourceTree = "<group>";
		};
		FF798841271D356D00EAA693 /* FootballWidgetIntentExtensionUI */ = {
			isa = PBXGroup;
			children = (
				FF798842271D356D00EAA693 /* IntentViewController.swift */,
				FF798844271D356D00EAA693 /* MainInterface.storyboard */,
				FF798847271D356D00EAA693 /* Info.plist */,
			);
			path = FootballWidgetIntentExtensionUI;
			sourceTree = "<group>";
		};
		FF798855271D35BA00EAA693 /* Shared */ = {
			isa = PBXGroup;
			children = (
				FF798856271D35C400EAA693 /* Utils.swift */,
			);
			path = Shared;
			sourceTree = "<group>";
		};
		FF849E402718112900D4243D = {
			isa = PBXGroup;
			children = (
				FF849E4B2718112900D4243D /* FootballGet */,
				FF849E5C2718112F00D4243D /* FootballGetTests */,
				FF849E662718112F00D4243D /* FootballGetUITests */,
				FF849E80271811B000D4243D /* FootballWidget */,
				FF798836271D356D00EAA693 /* FootballWidgetIntentExtension */,
				FF798841271D356D00EAA693 /* FootballWidgetIntentExtensionUI */,
				FF849E7B271811B000D4243D /* Frameworks */,
				FF849E4A2718112900D4243D /* Products */,
			);
			sourceTree = "<group>";
		};
		FF849E4A2718112900D4243D /* Products */ = {
			isa = PBXGroup;
			children = (
				FF849E492718112900D4243D /* FootballGet.app */,
				FF849E592718112F00D4243D /* FootballGetTests.xctest */,
				FF849E632718112F00D4243D /* FootballGetUITests.xctest */,
				FF849E7A271811AF00D4243D /* FootballWidgetExtension.appex */,
				FF798833271D356D00EAA693 /* FootballWidgetIntentExtension.appex */,
				FF79883E271D356D00EAA693 /* FootballWidgetIntentExtensionUI.appex */,
			);
			name = Products;
			sourceTree = "<group>";
		};
		FF849E4B2718112900D4243D /* FootballGet */ = {
			isa = PBXGroup;
			children = (
				FF798821271D1AB000EAA693 /* Info.plist */,
				FF849E4C2718112900D4243D /* FootballGetApp.swift */,
				FF849E4E2718112900D4243D /* ContentView.swift */,
				FF849E502718112F00D4243D /* Assets.xcassets */,
				FF849E522718112F00D4243D /* Preview Content */,
			);
			path = FootballGet;
			sourceTree = "<group>";
		};
		FF849E522718112F00D4243D /* Preview Content */ = {
			isa = PBXGroup;
			children = (
				FF849E532718112F00D4243D /* Preview Assets.xcassets */,
			);
			path = "Preview Content";
			sourceTree = "<group>";
		};
		FF849E5C2718112F00D4243D /* FootballGetTests */ = {
			isa = PBXGroup;
			children = (
				FF849E5D2718112F00D4243D /* FootballGetTests.swift */,
			);
			path = FootballGetTests;
			sourceTree = "<group>";
		};
		FF849E662718112F00D4243D /* FootballGetUITests */ = {
			isa = PBXGroup;
			children = (
				FF849E672718112F00D4243D /* FootballGetUITests.swift */,
				FF849E692718112F00D4243D /* FootballGetUITestsLaunchTests.swift */,
			);
			path = FootballGetUITests;
			sourceTree = "<group>";
		};
		FF849E7B271811B000D4243D /* Frameworks */ = {
			isa = PBXGroup;
			children = (
				FF849E7C271811B000D4243D /* WidgetKit.framework */,
				FF849E7E271811B000D4243D /* SwiftUI.framework */,
				FF798834271D356D00EAA693 /* Intents.framework */,
				FF79883F271D356D00EAA693 /* IntentsUI.framework */,
			);
			name = Frameworks;
			sourceTree = "<group>";
		};
		FF849E80271811B000D4243D /* FootballWidget */ = {
			isa = PBXGroup;
			children = (
				FF798855271D35BA00EAA693 /* Shared */,
				FF798818271D17BE00EAA693 /* Provider */,
				FF849E81271811B000D4243D /* FootballWidget.swift */,
				FFB78027271936710094211D /* View */,
				FFB7801E271932310094211D /* Model */,
				FF849E932718150A00D4243D /* Network */,
				FF849E83271811B000D4243D /* FootballWidget.intentdefinition */,
				FF849E84271811B300D4243D /* Assets.xcassets */,
				FF849E86271811B300D4243D /* Info.plist */,
			);
			path = FootballWidget;
			sourceTree = "<group>";
		};
		FF849E932718150A00D4243D /* Network */ = {
			isa = PBXGroup;
			children = (
				FF798827271D2BB000EAA693 /* NetworkRequest */,
				FF798822271D2B4D00EAA693 /* NetworkTask */,
				FF849E912718144B00D4243D /* NetworkService.swift */,
				FFB7801A2718643B0094211D /* NetworkError.swift */,
			);
			path = Network;
			sourceTree = "<group>";
		};
		FFB7801E271932310094211D /* Model */ = {
			isa = PBXGroup;
			children = (
				FFB7801F2719323D0094211D /* Fixture.swift */,
				FFB78021271932970094211D /* League.swift */,
				FFB78023271932D80094211D /* Teams.swift */,
				FF79881D271D185E00EAA693 /* NextMatchUpData.swift */,
				FF79882C271D2BF000EAA693 /* Leagues.swift */,
			);
			path = Model;
			sourceTree = "<group>";
		};
		FFB78027271936710094211D /* View */ = {
			isa = PBXGroup;
			children = (
				FFB780252719366C0094211D /* NextMatchUpWidgetView.swift */,
			);
			path = View;
			sourceTree = "<group>";
		};
/* End PBXGroup section */

/* Begin PBXNativeTarget section */
		FF798832271D356D00EAA693 /* FootballWidgetIntentExtension */ = {
			isa = PBXNativeTarget;
			buildConfigurationList = FF798851271D356D00EAA693 /* Build configuration list for PBXNativeTarget "FootballWidgetIntentExtension" */;
			buildPhases = (
				FF79882F271D356D00EAA693 /* Sources */,
				FF798830271D356D00EAA693 /* Frameworks */,
				FF798831271D356D00EAA693 /* Resources */,
			);
			buildRules = (
			);
			dependencies = (
			);
			name = FootballWidgetIntentExtension;
			productName = FootballWidgetIntentExtension;
			productReference = FF798833271D356D00EAA693 /* FootballWidgetIntentExtension.appex */;
			productType = "com.apple.product-type.app-extension";
		};
		FF79883D271D356D00EAA693 /* FootballWidgetIntentExtensionUI */ = {
			isa = PBXNativeTarget;
			buildConfigurationList = FF79884E271D356D00EAA693 /* Build configuration list for PBXNativeTarget "FootballWidgetIntentExtensionUI" */;
			buildPhases = (
				FF79883A271D356D00EAA693 /* Sources */,
				FF79883B271D356D00EAA693 /* Frameworks */,
				FF79883C271D356D00EAA693 /* Resources */,
			);
			buildRules = (
			);
			dependencies = (
			);
			name = FootballWidgetIntentExtensionUI;
			productName = FootballWidgetIntentExtensionUI;
			productReference = FF79883E271D356D00EAA693 /* FootballWidgetIntentExtensionUI.appex */;
			productType = "com.apple.product-type.app-extension";
		};
		FF849E482718112900D4243D /* FootballGet */ = {
			isa = PBXNativeTarget;
			buildConfigurationList = FF849E6D2718112F00D4243D /* Build configuration list for PBXNativeTarget "FootballGet" */;
			buildPhases = (
				FF849E452718112900D4243D /* Sources */,
				FF849E462718112900D4243D /* Frameworks */,
				FF849E472718112900D4243D /* Resources */,
				FF849E8F271811B300D4243D /* Embed App Extensions */,
			);
			buildRules = (
			);
			dependencies = (
				FF849E8A271811B300D4243D /* PBXTargetDependency */,
				FF798849271D356D00EAA693 /* PBXTargetDependency */,
				FF79884C271D356D00EAA693 /* PBXTargetDependency */,
			);
			name = FootballGet;
			productName = FootballGet;
			productReference = FF849E492718112900D4243D /* FootballGet.app */;
			productType = "com.apple.product-type.application";
		};
		FF849E582718112F00D4243D /* FootballGetTests */ = {
			isa = PBXNativeTarget;
			buildConfigurationList = FF849E702718112F00D4243D /* Build configuration list for PBXNativeTarget "FootballGetTests" */;
			buildPhases = (
				FF849E552718112F00D4243D /* Sources */,
				FF849E562718112F00D4243D /* Frameworks */,
				FF849E572718112F00D4243D /* Resources */,
			);
			buildRules = (
			);
			dependencies = (
				FF849E5B2718112F00D4243D /* PBXTargetDependency */,
			);
			name = FootballGetTests;
			productName = FootballGetTests;
			productReference = FF849E592718112F00D4243D /* FootballGetTests.xctest */;
			productType = "com.apple.product-type.bundle.unit-test";
		};
		FF849E622718112F00D4243D /* FootballGetUITests */ = {
			isa = PBXNativeTarget;
			buildConfigurationList = FF849E732718112F00D4243D /* Build configuration list for PBXNativeTarget "FootballGetUITests" */;
			buildPhases = (
				FF849E5F2718112F00D4243D /* Sources */,
				FF849E602718112F00D4243D /* Frameworks */,
				FF849E612718112F00D4243D /* Resources */,
			);
			buildRules = (
			);
			dependencies = (
				FF849E652718112F00D4243D /* PBXTargetDependency */,
			);
			name = FootballGetUITests;
			productName = FootballGetUITests;
			productReference = FF849E632718112F00D4243D /* FootballGetUITests.xctest */;
			productType = "com.apple.product-type.bundle.ui-testing";
		};
		FF849E79271811AF00D4243D /* FootballWidgetExtension */ = {
			isa = PBXNativeTarget;
			buildConfigurationList = FF849E8C271811B300D4243D /* Build configuration list for PBXNativeTarget "FootballWidgetExtension" */;
			buildPhases = (
				FF849E76271811AF00D4243D /* Sources */,
				FF849E77271811AF00D4243D /* Frameworks */,
				FF849E78271811AF00D4243D /* Resources */,
			);
			buildRules = (
			);
			dependencies = (
			);
			name = FootballWidgetExtension;
			productName = FootballWidgetExtension;
			productReference = FF849E7A271811AF00D4243D /* FootballWidgetExtension.appex */;
			productType = "com.apple.product-type.app-extension";
		};
/* End PBXNativeTarget section */

/* Begin PBXProject section */
		FF849E412718112900D4243D /* Project object */ = {
			isa = PBXProject;
			attributes = {
				BuildIndependentTargetsInParallel = 1;
				LastSwiftUpdateCheck = 1300;
				LastUpgradeCheck = 1300;
				TargetAttributes = {
					FF798832271D356D00EAA693 = {
						CreatedOnToolsVersion = 13.0;
					};
					FF79883D271D356D00EAA693 = {
						CreatedOnToolsVersion = 13.0;
					};
					FF849E482718112900D4243D = {
						CreatedOnToolsVersion = 13.0;
					};
					FF849E582718112F00D4243D = {
						CreatedOnToolsVersion = 13.0;
						TestTargetID = FF849E482718112900D4243D;
					};
					FF849E622718112F00D4243D = {
						CreatedOnToolsVersion = 13.0;
						TestTargetID = FF849E482718112900D4243D;
					};
					FF849E79271811AF00D4243D = {
						CreatedOnToolsVersion = 13.0;
					};
				};
			};
			buildConfigurationList = FF849E442718112900D4243D /* Build configuration list for PBXProject "FootballGet" */;
			compatibilityVersion = "Xcode 13.0";
			developmentRegion = en;
			hasScannedForEncodings = 0;
			knownRegions = (
				en,
				Base,
			);
			mainGroup = FF849E402718112900D4243D;
			productRefGroup = FF849E4A2718112900D4243D /* Products */;
			projectDirPath = "";
			projectRoot = "";
			targets = (
				FF849E482718112900D4243D /* FootballGet */,
				FF849E582718112F00D4243D /* FootballGetTests */,
				FF849E622718112F00D4243D /* FootballGetUITests */,
				FF849E79271811AF00D4243D /* FootballWidgetExtension */,
				FF798832271D356D00EAA693 /* FootballWidgetIntentExtension */,
				FF79883D271D356D00EAA693 /* FootballWidgetIntentExtensionUI */,
			);
		};
/* End PBXProject section */

/* Begin PBXResourcesBuildPhase section */
		FF798831271D356D00EAA693 /* Resources */ = {
			isa = PBXResourcesBuildPhase;
			buildActionMask = 2147483647;
			files = (
			);
			runOnlyForDeploymentPostprocessing = 0;
		};
		FF79883C271D356D00EAA693 /* Resources */ = {
			isa = PBXResourcesBuildPhase;
			buildActionMask = 2147483647;
			files = (
				FF798846271D356D00EAA693 /* MainInterface.storyboard in Resources */,
			);
			runOnlyForDeploymentPostprocessing = 0;
		};
		FF849E472718112900D4243D /* Resources */ = {
			isa = PBXResourcesBuildPhase;
			buildActionMask = 2147483647;
			files = (
				FF849E542718112F00D4243D /* Preview Assets.xcassets in Resources */,
				FF849E512718112F00D4243D /* Assets.xcassets in Resources */,
			);
			runOnlyForDeploymentPostprocessing = 0;
		};
		FF849E572718112F00D4243D /* Resources */ = {
			isa = PBXResourcesBuildPhase;
			buildActionMask = 2147483647;
			files = (
			);
			runOnlyForDeploymentPostprocessing = 0;
		};
		FF849E612718112F00D4243D /* Resources */ = {
			isa = PBXResourcesBuildPhase;
			buildActionMask = 2147483647;
			files = (
			);
			runOnlyForDeploymentPostprocessing = 0;
		};
		FF849E78271811AF00D4243D /* Resources */ = {
			isa = PBXResourcesBuildPhase;
			buildActionMask = 2147483647;
			files = (
				FF849E85271811B300D4243D /* Assets.xcassets in Resources */,
			);
			runOnlyForDeploymentPostprocessing = 0;
		};
/* End PBXResourcesBuildPhase section */

/* Begin PBXSourcesBuildPhase section */
		FF79882F271D356D00EAA693 /* Sources */ = {
			isa = PBXSourcesBuildPhase;
			buildActionMask = 2147483647;
			files = (
				FF798875271D36F600EAA693 /* Fixture.swift in Sources */,
				FF798861271D366700EAA693 /* NextMatchUpRequest.swift in Sources */,
				FF79885B271D365800EAA693 /* NextMatchUpTask.swift in Sources */,
				FF79885D271D365B00EAA693 /* NetworkTask.swift in Sources */,
				FF798863271D366A00EAA693 /* ClubListRequest.swift in Sources */,
				FF798865271D367C00EAA693 /* NetworkService.swift in Sources */,
				FF798872271D36F000EAA693 /* Teams.swift in Sources */,
				FF798879271D397800EAA693 /* Utils.swift in Sources */,
				FF798838271D356D00EAA693 /* IntentHandler.swift in Sources */,
				FF798859271D365500EAA693 /* ClubListTask.swift in Sources */,
				FF798877271D36FB00EAA693 /* NextMatchUpData.swift in Sources */,
				FF79885F271D366200EAA693 /* NetworkRequest.swift in Sources */,
				FF798876271D36F800EAA693 /* Leagues.swift in Sources */,
				FF798854271D358700EAA693 /* FootballWidget.intentdefinition in Sources */,
				FF798873271D36F200EAA693 /* League.swift in Sources */,
				FF798867271D369000EAA693 /* NetworkError.swift in Sources */,
			);
			runOnlyForDeploymentPostprocessing = 0;
		};
		FF79883A271D356D00EAA693 /* Sources */ = {
			isa = PBXSourcesBuildPhase;
			buildActionMask = 2147483647;
			files = (
				FF798843271D356D00EAA693 /* IntentViewController.swift in Sources */,
			);
			runOnlyForDeploymentPostprocessing = 0;
		};
		FF849E452718112900D4243D /* Sources */ = {
			isa = PBXSourcesBuildPhase;
			buildActionMask = 2147483647;
			files = (
				FF849E4F2718112900D4243D /* ContentView.swift in Sources */,
				FFB78022271932970094211D /* League.swift in Sources */,
				FF79882D271D2BF000EAA693 /* Leagues.swift in Sources */,
				FFB780262719366C0094211D /* NextMatchUpWidgetView.swift in Sources */,
				FFB7801B2718643B0094211D /* NetworkError.swift in Sources */,
				FF798826271D2B6800EAA693 /* NextMatchUpTask.swift in Sources */,
				FF849E972718153400D4243D /* NetworkTask.swift in Sources */,
				FF849E88271811B300D4243D /* FootballWidget.intentdefinition in Sources */,
				FF849E952718151700D4243D /* NetworkRequest.swift in Sources */,
				FFB78024271932D80094211D /* Teams.swift in Sources */,
				FF79882B271D2BC500EAA693 /* ClubListRequest.swift in Sources */,
				FF79881A271D17E200EAA693 /* NextMatchUpEntry.swift in Sources */,
				FF79881E271D185E00EAA693 /* NextMatchUpData.swift in Sources */,
				FF798829271D2BBE00EAA693 /* NextMatchUpRequest.swift in Sources */,
				FF849E922718144B00D4243D /* NetworkService.swift in Sources */,
				FF798857271D35C400EAA693 /* Utils.swift in Sources */,
				FF79881C271D17EC00EAA693 /* NextMatchUpProvider.swift in Sources */,
				FF849E4D2718112900D4243D /* FootballGetApp.swift in Sources */,
				FF798824271D2B5C00EAA693 /* ClubListTask.swift in Sources */,
				FFB780202719323D0094211D /* Fixture.swift in Sources */,
			);
			runOnlyForDeploymentPostprocessing = 0;
		};
		FF849E552718112F00D4243D /* Sources */ = {
			isa = PBXSourcesBuildPhase;
			buildActionMask = 2147483647;
			files = (
				FF849E5E2718112F00D4243D /* FootballGetTests.swift in Sources */,
			);
			runOnlyForDeploymentPostprocessing = 0;
		};
		FF849E5F2718112F00D4243D /* Sources */ = {
			isa = PBXSourcesBuildPhase;
			buildActionMask = 2147483647;
			files = (
				FF849E6A2718112F00D4243D /* FootballGetUITestsLaunchTests.swift in Sources */,
				FF849E682718112F00D4243D /* FootballGetUITests.swift in Sources */,
			);
			runOnlyForDeploymentPostprocessing = 0;
		};
		FF849E76271811AF00D4243D /* Sources */ = {
			isa = PBXSourcesBuildPhase;
			buildActionMask = 2147483647;
			files = (
				FF798864271D367B00EAA693 /* NetworkService.swift in Sources */,
				FF798862271D366900EAA693 /* ClubListRequest.swift in Sources */,
				FF79885E271D366200EAA693 /* NetworkRequest.swift in Sources */,
				FF798868271D36A500EAA693 /* NextMatchUpData.swift in Sources */,
				FF79885A271D365800EAA693 /* NextMatchUpTask.swift in Sources */,
				FF79885C271D365B00EAA693 /* NetworkTask.swift in Sources */,
				FF79886B271D36A500EAA693 /* Teams.swift in Sources */,
				FF849E82271811B000D4243D /* FootballWidget.swift in Sources */,
				FFB780292719386F0094211D /* NextMatchUpWidgetView.swift in Sources */,
				FF798878271D397800EAA693 /* Utils.swift in Sources */,
				FF798860271D366600EAA693 /* NextMatchUpRequest.swift in Sources */,
				FFC91210271D4DCF0078A44B /* NextMatchUpEntry.swift in Sources */,
				FF79886C271D36A500EAA693 /* League.swift in Sources */,
				FF798858271D365400EAA693 /* ClubListTask.swift in Sources */,
				FF798866271D369000EAA693 /* NetworkError.swift in Sources */,
				FFC9120F271D4DBD0078A44B /* NextMatchUpProvider.swift in Sources */,
				FF79886A271D36A500EAA693 /* Fixture.swift in Sources */,
				FF849E87271811B300D4243D /* FootballWidget.intentdefinition in Sources */,
				FF798869271D36A500EAA693 /* Leagues.swift in Sources */,
			);
			runOnlyForDeploymentPostprocessing = 0;
		};
/* End PBXSourcesBuildPhase section */

/* Begin PBXTargetDependency section */
		FF798849271D356D00EAA693 /* PBXTargetDependency */ = {
			isa = PBXTargetDependency;
			target = FF79883D271D356D00EAA693 /* FootballWidgetIntentExtensionUI */;
			targetProxy = FF798848271D356D00EAA693 /* PBXContainerItemProxy */;
		};
		FF79884C271D356D00EAA693 /* PBXTargetDependency */ = {
			isa = PBXTargetDependency;
			target = FF798832271D356D00EAA693 /* FootballWidgetIntentExtension */;
			targetProxy = FF79884B271D356D00EAA693 /* PBXContainerItemProxy */;
		};
		FF849E5B2718112F00D4243D /* PBXTargetDependency */ = {
			isa = PBXTargetDependency;
			target = FF849E482718112900D4243D /* FootballGet */;
			targetProxy = FF849E5A2718112F00D4243D /* PBXContainerItemProxy */;
		};
		FF849E652718112F00D4243D /* PBXTargetDependency */ = {
			isa = PBXTargetDependency;
			target = FF849E482718112900D4243D /* FootballGet */;
			targetProxy = FF849E642718112F00D4243D /* PBXContainerItemProxy */;
		};
		FF849E8A271811B300D4243D /* PBXTargetDependency */ = {
			isa = PBXTargetDependency;
			target = FF849E79271811AF00D4243D /* FootballWidgetExtension */;
			targetProxy = FF849E89271811B300D4243D /* PBXContainerItemProxy */;
		};
/* End PBXTargetDependency section */

/* Begin PBXVariantGroup section */
		FF798844271D356D00EAA693 /* MainInterface.storyboard */ = {
			isa = PBXVariantGroup;
			children = (
				FF798845271D356D00EAA693 /* Base */,
			);
			name = MainInterface.storyboard;
			sourceTree = "<group>";
		};
/* End PBXVariantGroup section */

/* Begin XCBuildConfiguration section */
		FF79884F271D356D00EAA693 /* Debug */ = {
			isa = XCBuildConfiguration;
			buildSettings = {
				CODE_SIGN_STYLE = Automatic;
				CURRENT_PROJECT_VERSION = 1;
				DEVELOPMENT_TEAM = HB2J52X7V7;
				GENERATE_INFOPLIST_FILE = YES;
				INFOPLIST_FILE = FootballWidgetIntentExtensionUI/Info.plist;
				INFOPLIST_KEY_CFBundleDisplayName = FootballWidgetIntentExtensionUI;
				INFOPLIST_KEY_NSHumanReadableCopyright = "";
				LD_RUNPATH_SEARCH_PATHS = (
					"$(inherited)",
					"@executable_path/Frameworks",
					"@executable_path/../../Frameworks",
				);
				MARKETING_VERSION = 1.0;
				PRODUCT_BUNDLE_IDENTIFIER = Dumba.FootballGet.FootballWidgetIntentExtensionUI;
				PRODUCT_NAME = "$(TARGET_NAME)";
				SKIP_INSTALL = YES;
				SWIFT_EMIT_LOC_STRINGS = YES;
				SWIFT_VERSION = 5.0;
				TARGETED_DEVICE_FAMILY = "1,2";
			};
			name = Debug;
		};
		FF798850271D356D00EAA693 /* Release */ = {
			isa = XCBuildConfiguration;
			buildSettings = {
				CODE_SIGN_STYLE = Automatic;
				CURRENT_PROJECT_VERSION = 1;
				DEVELOPMENT_TEAM = HB2J52X7V7;
				GENERATE_INFOPLIST_FILE = YES;
				INFOPLIST_FILE = FootballWidgetIntentExtensionUI/Info.plist;
				INFOPLIST_KEY_CFBundleDisplayName = FootballWidgetIntentExtensionUI;
				INFOPLIST_KEY_NSHumanReadableCopyright = "";
				LD_RUNPATH_SEARCH_PATHS = (
					"$(inherited)",
					"@executable_path/Frameworks",
					"@executable_path/../../Frameworks",
				);
				MARKETING_VERSION = 1.0;
				PRODUCT_BUNDLE_IDENTIFIER = Dumba.FootballGet.FootballWidgetIntentExtensionUI;
				PRODUCT_NAME = "$(TARGET_NAME)";
				SKIP_INSTALL = YES;
				SWIFT_EMIT_LOC_STRINGS = YES;
				SWIFT_VERSION = 5.0;
				TARGETED_DEVICE_FAMILY = "1,2";
			};
			name = Release;
		};
		FF798852271D356D00EAA693 /* Debug */ = {
			isa = XCBuildConfiguration;
			buildSettings = {
				CODE_SIGN_STYLE = Automatic;
				CURRENT_PROJECT_VERSION = 1;
				DEVELOPMENT_TEAM = HB2J52X7V7;
				GENERATE_INFOPLIST_FILE = YES;
				INFOPLIST_FILE = FootballWidgetIntentExtension/Info.plist;
				INFOPLIST_KEY_CFBundleDisplayName = FootballWidgetIntentExtension;
				INFOPLIST_KEY_NSHumanReadableCopyright = "";
				LD_RUNPATH_SEARCH_PATHS = (
					"$(inherited)",
					"@executable_path/Frameworks",
					"@executable_path/../../Frameworks",
				);
				MARKETING_VERSION = 1.0;
				PRODUCT_BUNDLE_IDENTIFIER = Dumba.FootballGet.FootballWidgetIntentExtension;
				PRODUCT_NAME = "$(TARGET_NAME)";
				SKIP_INSTALL = YES;
				SWIFT_EMIT_LOC_STRINGS = YES;
				SWIFT_VERSION = 5.0;
				TARGETED_DEVICE_FAMILY = "1,2";
			};
			name = Debug;
		};
		FF798853271D356D00EAA693 /* Release */ = {
			isa = XCBuildConfiguration;
			buildSettings = {
				CODE_SIGN_STYLE = Automatic;
				CURRENT_PROJECT_VERSION = 1;
				DEVELOPMENT_TEAM = HB2J52X7V7;
				GENERATE_INFOPLIST_FILE = YES;
				INFOPLIST_FILE = FootballWidgetIntentExtension/Info.plist;
				INFOPLIST_KEY_CFBundleDisplayName = FootballWidgetIntentExtension;
				INFOPLIST_KEY_NSHumanReadableCopyright = "";
				LD_RUNPATH_SEARCH_PATHS = (
					"$(inherited)",
					"@executable_path/Frameworks",
					"@executable_path/../../Frameworks",
				);
				MARKETING_VERSION = 1.0;
				PRODUCT_BUNDLE_IDENTIFIER = Dumba.FootballGet.FootballWidgetIntentExtension;
				PRODUCT_NAME = "$(TARGET_NAME)";
				SKIP_INSTALL = YES;
				SWIFT_EMIT_LOC_STRINGS = YES;
				SWIFT_VERSION = 5.0;
				TARGETED_DEVICE_FAMILY = "1,2";
			};
			name = Release;
		};
		FF849E6B2718112F00D4243D /* Debug */ = {
			isa = XCBuildConfiguration;
			buildSettings = {
				ALWAYS_SEARCH_USER_PATHS = NO;
				CLANG_ANALYZER_NONNULL = YES;
				CLANG_ANALYZER_NUMBER_OBJECT_CONVERSION = YES_AGGRESSIVE;
				CLANG_CXX_LANGUAGE_STANDARD = "gnu++17";
				CLANG_CXX_LIBRARY = "libc++";
				CLANG_ENABLE_MODULES = YES;
				CLANG_ENABLE_OBJC_ARC = YES;
				CLANG_ENABLE_OBJC_WEAK = YES;
				CLANG_WARN_BLOCK_CAPTURE_AUTORELEASING = YES;
				CLANG_WARN_BOOL_CONVERSION = YES;
				CLANG_WARN_COMMA = YES;
				CLANG_WARN_CONSTANT_CONVERSION = YES;
				CLANG_WARN_DEPRECATED_OBJC_IMPLEMENTATIONS = YES;
				CLANG_WARN_DIRECT_OBJC_ISA_USAGE = YES_ERROR;
				CLANG_WARN_DOCUMENTATION_COMMENTS = YES;
				CLANG_WARN_EMPTY_BODY = YES;
				CLANG_WARN_ENUM_CONVERSION = YES;
				CLANG_WARN_INFINITE_RECURSION = YES;
				CLANG_WARN_INT_CONVERSION = YES;
				CLANG_WARN_NON_LITERAL_NULL_CONVERSION = YES;
				CLANG_WARN_OBJC_IMPLICIT_RETAIN_SELF = YES;
				CLANG_WARN_OBJC_LITERAL_CONVERSION = YES;
				CLANG_WARN_OBJC_ROOT_CLASS = YES_ERROR;
				CLANG_WARN_QUOTED_INCLUDE_IN_FRAMEWORK_HEADER = YES;
				CLANG_WARN_RANGE_LOOP_ANALYSIS = YES;
				CLANG_WARN_STRICT_PROTOTYPES = YES;
				CLANG_WARN_SUSPICIOUS_MOVE = YES;
				CLANG_WARN_UNGUARDED_AVAILABILITY = YES_AGGRESSIVE;
				CLANG_WARN_UNREACHABLE_CODE = YES;
				CLANG_WARN__DUPLICATE_METHOD_MATCH = YES;
				COPY_PHASE_STRIP = NO;
				DEBUG_INFORMATION_FORMAT = dwarf;
				ENABLE_STRICT_OBJC_MSGSEND = YES;
				ENABLE_TESTABILITY = YES;
				GCC_C_LANGUAGE_STANDARD = gnu11;
				GCC_DYNAMIC_NO_PIC = NO;
				GCC_NO_COMMON_BLOCKS = YES;
				GCC_OPTIMIZATION_LEVEL = 0;
				GCC_PREPROCESSOR_DEFINITIONS = (
					"DEBUG=1",
					"$(inherited)",
				);
				GCC_WARN_64_TO_32_BIT_CONVERSION = YES;
				GCC_WARN_ABOUT_RETURN_TYPE = YES_ERROR;
				GCC_WARN_UNDECLARED_SELECTOR = YES;
				GCC_WARN_UNINITIALIZED_AUTOS = YES_AGGRESSIVE;
				GCC_WARN_UNUSED_FUNCTION = YES;
				GCC_WARN_UNUSED_VARIABLE = YES;
				IPHONEOS_DEPLOYMENT_TARGET = 15.0;
				MTL_ENABLE_DEBUG_INFO = INCLUDE_SOURCE;
				MTL_FAST_MATH = YES;
				ONLY_ACTIVE_ARCH = YES;
				SDKROOT = iphoneos;
				SWIFT_ACTIVE_COMPILATION_CONDITIONS = DEBUG;
				SWIFT_OPTIMIZATION_LEVEL = "-Onone";
			};
			name = Debug;
		};
		FF849E6C2718112F00D4243D /* Release */ = {
			isa = XCBuildConfiguration;
			buildSettings = {
				ALWAYS_SEARCH_USER_PATHS = NO;
				CLANG_ANALYZER_NONNULL = YES;
				CLANG_ANALYZER_NUMBER_OBJECT_CONVERSION = YES_AGGRESSIVE;
				CLANG_CXX_LANGUAGE_STANDARD = "gnu++17";
				CLANG_CXX_LIBRARY = "libc++";
				CLANG_ENABLE_MODULES = YES;
				CLANG_ENABLE_OBJC_ARC = YES;
				CLANG_ENABLE_OBJC_WEAK = YES;
				CLANG_WARN_BLOCK_CAPTURE_AUTORELEASING = YES;
				CLANG_WARN_BOOL_CONVERSION = YES;
				CLANG_WARN_COMMA = YES;
				CLANG_WARN_CONSTANT_CONVERSION = YES;
				CLANG_WARN_DEPRECATED_OBJC_IMPLEMENTATIONS = YES;
				CLANG_WARN_DIRECT_OBJC_ISA_USAGE = YES_ERROR;
				CLANG_WARN_DOCUMENTATION_COMMENTS = YES;
				CLANG_WARN_EMPTY_BODY = YES;
				CLANG_WARN_ENUM_CONVERSION = YES;
				CLANG_WARN_INFINITE_RECURSION = YES;
				CLANG_WARN_INT_CONVERSION = YES;
				CLANG_WARN_NON_LITERAL_NULL_CONVERSION = YES;
				CLANG_WARN_OBJC_IMPLICIT_RETAIN_SELF = YES;
				CLANG_WARN_OBJC_LITERAL_CONVERSION = YES;
				CLANG_WARN_OBJC_ROOT_CLASS = YES_ERROR;
				CLANG_WARN_QUOTED_INCLUDE_IN_FRAMEWORK_HEADER = YES;
				CLANG_WARN_RANGE_LOOP_ANALYSIS = YES;
				CLANG_WARN_STRICT_PROTOTYPES = YES;
				CLANG_WARN_SUSPICIOUS_MOVE = YES;
				CLANG_WARN_UNGUARDED_AVAILABILITY = YES_AGGRESSIVE;
				CLANG_WARN_UNREACHABLE_CODE = YES;
				CLANG_WARN__DUPLICATE_METHOD_MATCH = YES;
				COPY_PHASE_STRIP = NO;
				DEBUG_INFORMATION_FORMAT = "dwarf-with-dsym";
				ENABLE_NS_ASSERTIONS = NO;
				ENABLE_STRICT_OBJC_MSGSEND = YES;
				GCC_C_LANGUAGE_STANDARD = gnu11;
				GCC_NO_COMMON_BLOCKS = YES;
				GCC_WARN_64_TO_32_BIT_CONVERSION = YES;
				GCC_WARN_ABOUT_RETURN_TYPE = YES_ERROR;
				GCC_WARN_UNDECLARED_SELECTOR = YES;
				GCC_WARN_UNINITIALIZED_AUTOS = YES_AGGRESSIVE;
				GCC_WARN_UNUSED_FUNCTION = YES;
				GCC_WARN_UNUSED_VARIABLE = YES;
				IPHONEOS_DEPLOYMENT_TARGET = 15.0;
				MTL_ENABLE_DEBUG_INFO = NO;
				MTL_FAST_MATH = YES;
				SDKROOT = iphoneos;
				SWIFT_COMPILATION_MODE = wholemodule;
				SWIFT_OPTIMIZATION_LEVEL = "-O";
				VALIDATE_PRODUCT = YES;
			};
			name = Release;
		};
		FF849E6E2718112F00D4243D /* Debug */ = {
			isa = XCBuildConfiguration;
			buildSettings = {
				ALWAYS_EMBED_SWIFT_STANDARD_LIBRARIES = YES;
				ASSETCATALOG_COMPILER_APPICON_NAME = AppIcon;
				ASSETCATALOG_COMPILER_GLOBAL_ACCENT_COLOR_NAME = AccentColor;
				CODE_SIGN_STYLE = Automatic;
				CURRENT_PROJECT_VERSION = 1;
				DEVELOPMENT_ASSET_PATHS = "\"FootballGet/Preview Content\"";
				DEVELOPMENT_TEAM = HB2J52X7V7;
				ENABLE_PREVIEWS = YES;
				GENERATE_INFOPLIST_FILE = YES;
				INFOPLIST_FILE = FootballGet/Info.plist;
				INFOPLIST_KEY_UIApplicationSceneManifest_Generation = YES;
				INFOPLIST_KEY_UIApplicationSupportsIndirectInputEvents = YES;
				INFOPLIST_KEY_UILaunchScreen_Generation = YES;
				INFOPLIST_KEY_UISupportedInterfaceOrientations_iPad = "UIInterfaceOrientationPortrait UIInterfaceOrientationPortraitUpsideDown UIInterfaceOrientationLandscapeLeft UIInterfaceOrientationLandscapeRight";
				INFOPLIST_KEY_UISupportedInterfaceOrientations_iPhone = "UIInterfaceOrientationPortrait UIInterfaceOrientationLandscapeLeft UIInterfaceOrientationLandscapeRight";
				IPHONEOS_DEPLOYMENT_TARGET = 14.0;
				LD_RUNPATH_SEARCH_PATHS = (
					"$(inherited)",
					"@executable_path/Frameworks",
				);
				MARKETING_VERSION = 1.0;
				PRODUCT_BUNDLE_IDENTIFIER = Dumba.FootballGet;
				PRODUCT_NAME = "$(TARGET_NAME)";
				SWIFT_EMIT_LOC_STRINGS = YES;
				SWIFT_VERSION = 5.0;
				TARGETED_DEVICE_FAMILY = "1,2";
			};
			name = Debug;
		};
		FF849E6F2718112F00D4243D /* Release */ = {
			isa = XCBuildConfiguration;
			buildSettings = {
				ALWAYS_EMBED_SWIFT_STANDARD_LIBRARIES = YES;
				ASSETCATALOG_COMPILER_APPICON_NAME = AppIcon;
				ASSETCATALOG_COMPILER_GLOBAL_ACCENT_COLOR_NAME = AccentColor;
				CODE_SIGN_STYLE = Automatic;
				CURRENT_PROJECT_VERSION = 1;
				DEVELOPMENT_ASSET_PATHS = "\"FootballGet/Preview Content\"";
				DEVELOPMENT_TEAM = HB2J52X7V7;
				ENABLE_PREVIEWS = YES;
				GENERATE_INFOPLIST_FILE = YES;
				INFOPLIST_FILE = FootballGet/Info.plist;
				INFOPLIST_KEY_UIApplicationSceneManifest_Generation = YES;
				INFOPLIST_KEY_UIApplicationSupportsIndirectInputEvents = YES;
				INFOPLIST_KEY_UILaunchScreen_Generation = YES;
				INFOPLIST_KEY_UISupportedInterfaceOrientations_iPad = "UIInterfaceOrientationPortrait UIInterfaceOrientationPortraitUpsideDown UIInterfaceOrientationLandscapeLeft UIInterfaceOrientationLandscapeRight";
				INFOPLIST_KEY_UISupportedInterfaceOrientations_iPhone = "UIInterfaceOrientationPortrait UIInterfaceOrientationLandscapeLeft UIInterfaceOrientationLandscapeRight";
				IPHONEOS_DEPLOYMENT_TARGET = 14.0;
				LD_RUNPATH_SEARCH_PATHS = (
					"$(inherited)",
					"@executable_path/Frameworks",
				);
				MARKETING_VERSION = 1.0;
				PRODUCT_BUNDLE_IDENTIFIER = Dumba.FootballGet;
				PRODUCT_NAME = "$(TARGET_NAME)";
				SWIFT_EMIT_LOC_STRINGS = YES;
				SWIFT_VERSION = 5.0;
				TARGETED_DEVICE_FAMILY = "1,2";
			};
			name = Release;
		};
		FF849E712718112F00D4243D /* Debug */ = {
			isa = XCBuildConfiguration;
			buildSettings = {
				ALWAYS_EMBED_SWIFT_STANDARD_LIBRARIES = YES;
				BUNDLE_LOADER = "$(TEST_HOST)";
				CODE_SIGN_STYLE = Automatic;
				CURRENT_PROJECT_VERSION = 1;
				DEVELOPMENT_TEAM = HB2J52X7V7;
				GENERATE_INFOPLIST_FILE = YES;
				IPHONEOS_DEPLOYMENT_TARGET = 14.0;
				LD_RUNPATH_SEARCH_PATHS = (
					"$(inherited)",
					"@executable_path/Frameworks",
					"@loader_path/Frameworks",
				);
				MARKETING_VERSION = 1.0;
				PRODUCT_BUNDLE_IDENTIFIER = Dumba.FootballGetTests;
				PRODUCT_NAME = "$(TARGET_NAME)";
				SWIFT_EMIT_LOC_STRINGS = NO;
				SWIFT_VERSION = 5.0;
				TARGETED_DEVICE_FAMILY = "1,2";
				TEST_HOST = "$(BUILT_PRODUCTS_DIR)/FootballGet.app/FootballGet";
			};
			name = Debug;
		};
		FF849E722718112F00D4243D /* Release */ = {
			isa = XCBuildConfiguration;
			buildSettings = {
				ALWAYS_EMBED_SWIFT_STANDARD_LIBRARIES = YES;
				BUNDLE_LOADER = "$(TEST_HOST)";
				CODE_SIGN_STYLE = Automatic;
				CURRENT_PROJECT_VERSION = 1;
				DEVELOPMENT_TEAM = HB2J52X7V7;
				GENERATE_INFOPLIST_FILE = YES;
				IPHONEOS_DEPLOYMENT_TARGET = 14.0;
				LD_RUNPATH_SEARCH_PATHS = (
					"$(inherited)",
					"@executable_path/Frameworks",
					"@loader_path/Frameworks",
				);
				MARKETING_VERSION = 1.0;
				PRODUCT_BUNDLE_IDENTIFIER = Dumba.FootballGetTests;
				PRODUCT_NAME = "$(TARGET_NAME)";
				SWIFT_EMIT_LOC_STRINGS = NO;
				SWIFT_VERSION = 5.0;
				TARGETED_DEVICE_FAMILY = "1,2";
				TEST_HOST = "$(BUILT_PRODUCTS_DIR)/FootballGet.app/FootballGet";
			};
			name = Release;
		};
		FF849E742718112F00D4243D /* Debug */ = {
			isa = XCBuildConfiguration;
			buildSettings = {
				ALWAYS_EMBED_SWIFT_STANDARD_LIBRARIES = YES;
				CODE_SIGN_STYLE = Automatic;
				CURRENT_PROJECT_VERSION = 1;
				DEVELOPMENT_TEAM = HB2J52X7V7;
				GENERATE_INFOPLIST_FILE = YES;
				LD_RUNPATH_SEARCH_PATHS = (
					"$(inherited)",
					"@executable_path/Frameworks",
					"@loader_path/Frameworks",
				);
				MARKETING_VERSION = 1.0;
				PRODUCT_BUNDLE_IDENTIFIER = Dumba.FootballGetUITests;
				PRODUCT_NAME = "$(TARGET_NAME)";
				SWIFT_EMIT_LOC_STRINGS = NO;
				SWIFT_VERSION = 5.0;
				TARGETED_DEVICE_FAMILY = "1,2";
				TEST_TARGET_NAME = FootballGet;
			};
			name = Debug;
		};
		FF849E752718112F00D4243D /* Release */ = {
			isa = XCBuildConfiguration;
			buildSettings = {
				ALWAYS_EMBED_SWIFT_STANDARD_LIBRARIES = YES;
				CODE_SIGN_STYLE = Automatic;
				CURRENT_PROJECT_VERSION = 1;
				DEVELOPMENT_TEAM = HB2J52X7V7;
				GENERATE_INFOPLIST_FILE = YES;
				LD_RUNPATH_SEARCH_PATHS = (
					"$(inherited)",
					"@executable_path/Frameworks",
					"@loader_path/Frameworks",
				);
				MARKETING_VERSION = 1.0;
				PRODUCT_BUNDLE_IDENTIFIER = Dumba.FootballGetUITests;
				PRODUCT_NAME = "$(TARGET_NAME)";
				SWIFT_EMIT_LOC_STRINGS = NO;
				SWIFT_VERSION = 5.0;
				TARGETED_DEVICE_FAMILY = "1,2";
				TEST_TARGET_NAME = FootballGet;
			};
			name = Release;
		};
		FF849E8D271811B300D4243D /* Debug */ = {
			isa = XCBuildConfiguration;
			buildSettings = {
				ASSETCATALOG_COMPILER_GLOBAL_ACCENT_COLOR_NAME = AccentColor;
				ASSETCATALOG_COMPILER_WIDGET_BACKGROUND_COLOR_NAME = WidgetBackground;
				CODE_SIGN_IDENTITY = "Apple Development";
				CODE_SIGN_STYLE = Automatic;
				CURRENT_PROJECT_VERSION = 1;
				DEVELOPMENT_TEAM = HB2J52X7V7;
				GENERATE_INFOPLIST_FILE = YES;
				INFOPLIST_FILE = FootballWidget/Info.plist;
				INFOPLIST_KEY_CFBundleDisplayName = FootballWidget;
				INFOPLIST_KEY_NSHumanReadableCopyright = "";
				LD_RUNPATH_SEARCH_PATHS = (
					"$(inherited)",
					"@executable_path/Frameworks",
					"@executable_path/../../Frameworks",
				);
				MARKETING_VERSION = 1.0;
				PRODUCT_BUNDLE_IDENTIFIER = Dumba.FootballGet.FootballWidget;
				PRODUCT_NAME = "$(TARGET_NAME)";
				PROVISIONING_PROFILE_SPECIFIER = "";
				SKIP_INSTALL = YES;
				SWIFT_EMIT_LOC_STRINGS = YES;
				SWIFT_VERSION = 5.0;
				TARGETED_DEVICE_FAMILY = "1,2";
			};
			name = Debug;
		};
		FF849E8E271811B300D4243D /* Release */ = {
			isa = XCBuildConfiguration;
			buildSettings = {
				ASSETCATALOG_COMPILER_GLOBAL_ACCENT_COLOR_NAME = AccentColor;
				ASSETCATALOG_COMPILER_WIDGET_BACKGROUND_COLOR_NAME = WidgetBackground;
				CODE_SIGN_IDENTITY = "Apple Development";
				CODE_SIGN_STYLE = Automatic;
				CURRENT_PROJECT_VERSION = 1;
				DEVELOPMENT_TEAM = HB2J52X7V7;
				GENERATE_INFOPLIST_FILE = YES;
				INFOPLIST_FILE = FootballWidget/Info.plist;
				INFOPLIST_KEY_CFBundleDisplayName = FootballWidget;
				INFOPLIST_KEY_NSHumanReadableCopyright = "";
				LD_RUNPATH_SEARCH_PATHS = (
					"$(inherited)",
					"@executable_path/Frameworks",
					"@executable_path/../../Frameworks",
				);
				MARKETING_VERSION = 1.0;
				PRODUCT_BUNDLE_IDENTIFIER = Dumba.FootballGet.FootballWidget;
				PRODUCT_NAME = "$(TARGET_NAME)";
				PROVISIONING_PROFILE_SPECIFIER = "";
				SKIP_INSTALL = YES;
				SWIFT_EMIT_LOC_STRINGS = YES;
				SWIFT_VERSION = 5.0;
				TARGETED_DEVICE_FAMILY = "1,2";
			};
			name = Release;
		};
/* End XCBuildConfiguration section */

/* Begin XCConfigurationList section */
		FF79884E271D356D00EAA693 /* Build configuration list for PBXNativeTarget "FootballWidgetIntentExtensionUI" */ = {
			isa = XCConfigurationList;
			buildConfigurations = (
				FF79884F271D356D00EAA693 /* Debug */,
				FF798850271D356D00EAA693 /* Release */,
			);
			defaultConfigurationIsVisible = 0;
			defaultConfigurationName = Release;
		};
		FF798851271D356D00EAA693 /* Build configuration list for PBXNativeTarget "FootballWidgetIntentExtension" */ = {
			isa = XCConfigurationList;
			buildConfigurations = (
				FF798852271D356D00EAA693 /* Debug */,
				FF798853271D356D00EAA693 /* Release */,
			);
			defaultConfigurationIsVisible = 0;
			defaultConfigurationName = Release;
		};
		FF849E442718112900D4243D /* Build configuration list for PBXProject "FootballGet" */ = {
			isa = XCConfigurationList;
			buildConfigurations = (
				FF849E6B2718112F00D4243D /* Debug */,
				FF849E6C2718112F00D4243D /* Release */,
			);
			defaultConfigurationIsVisible = 0;
			defaultConfigurationName = Release;
		};
		FF849E6D2718112F00D4243D /* Build configuration list for PBXNativeTarget "FootballGet" */ = {
			isa = XCConfigurationList;
			buildConfigurations = (
				FF849E6E2718112F00D4243D /* Debug */,
				FF849E6F2718112F00D4243D /* Release */,
			);
			defaultConfigurationIsVisible = 0;
			defaultConfigurationName = Release;
		};
		FF849E702718112F00D4243D /* Build configuration list for PBXNativeTarget "FootballGetTests" */ = {
			isa = XCConfigurationList;
			buildConfigurations = (
				FF849E712718112F00D4243D /* Debug */,
				FF849E722718112F00D4243D /* Release */,
			);
			defaultConfigurationIsVisible = 0;
			defaultConfigurationName = Release;
		};
		FF849E732718112F00D4243D /* Build configuration list for PBXNativeTarget "FootballGetUITests" */ = {
			isa = XCConfigurationList;
			buildConfigurations = (
				FF849E742718112F00D4243D /* Debug */,
				FF849E752718112F00D4243D /* Release */,
			);
			defaultConfigurationIsVisible = 0;
			defaultConfigurationName = Release;
		};
		FF849E8C271811B300D4243D /* Build configuration list for PBXNativeTarget "FootballWidgetExtension" */ = {
			isa = XCConfigurationList;
			buildConfigurations = (
				FF849E8D271811B300D4243D /* Debug */,
				FF849E8E271811B300D4243D /* Release */,
			);
			defaultConfigurationIsVisible = 0;
			defaultConfigurationName = Release;
		};
/* End XCConfigurationList section */
	};
	rootObject = FF849E412718112900D4243D /* Project object */;
}
